// !$*UTF8*$!
{
	archiveVersion = 1;
	classes = {
	};
	objectVersion = 50;
	objects = {

/* Begin PBXBuildFile section */
		1B004EC723C1C287007893AA /* EditorView.swift in Sources */ = {isa = PBXBuildFile; fileRef = 1B004EC623C1C287007893AA /* EditorView.swift */; };
		1B45CD9123BDD7E6001EB196 /* AutogrowingTextView.swift in Sources */ = {isa = PBXBuildFile; fileRef = 1B45CD8F23BDD7E6001EB196 /* AutogrowingTextView.swift */; };
		1B45CD9423BECFAF001EB196 /* AutogrowingTextViewSnapshotTests.swift in Sources */ = {isa = PBXBuildFile; fileRef = 1B45CD9323BECFAF001EB196 /* AutogrowingTextViewSnapshotTests.swift */; };
		1B45CD9923BED0B8001EB196 /* FBSnapshotTestCase.framework in Copy Frameworks */ = {isa = PBXBuildFile; fileRef = 1B45CD9623BED05A001EB196 /* FBSnapshotTestCase.framework */; settings = {ATTRIBUTES = (CodeSignOnCopy, RemoveHeadersOnCopy, ); }; };
		1B45CD9D23BEDA8F001EB196 /* UIView+Render.swift in Sources */ = {isa = PBXBuildFile; fileRef = 1B45CD9C23BEDA8F001EB196 /* UIView+Render.swift */; };
		1B45CD9F23BEE997001EB196 /* SnapshotTestViewController.swift in Sources */ = {isa = PBXBuildFile; fileRef = 1B45CD9E23BEE997001EB196 /* SnapshotTestViewController.swift */; };
		1B45CDA923BEED0E001EB196 /* AutogrowingTextViewTests.swift in Sources */ = {isa = PBXBuildFile; fileRef = 1B45CDA823BEED0E001EB196 /* AutogrowingTextViewTests.swift */; };
		1B45CDBA23BF10DF001EB196 /* TextStorage.swift in Sources */ = {isa = PBXBuildFile; fileRef = 1B45CDB923BF10DF001EB196 /* TextStorage.swift */; };
		1B45CDBC23BF1174001EB196 /* Types.swift in Sources */ = {isa = PBXBuildFile; fileRef = 1B45CDBB23BF1174001EB196 /* Types.swift */; };
		1B45CDBE23BF125D001EB196 /* NSAttributedString+ContentTypes.swift in Sources */ = {isa = PBXBuildFile; fileRef = 1B45CDBD23BF125D001EB196 /* NSAttributedString+ContentTypes.swift */; };
		1B45CDC223BF131E001EB196 /* TextStorageTests.swift in Sources */ = {isa = PBXBuildFile; fileRef = 1B45CDC023BF131B001EB196 /* TextStorageTests.swift */; };
		1B45CDC523BF13D4001EB196 /* NSRangeExtensions.swift in Sources */ = {isa = PBXBuildFile; fileRef = 1B45CDC423BF13D4001EB196 /* NSRangeExtensions.swift */; };
		1B45CDC723BF14DF001EB196 /* NSAttributedString+Range.swift in Sources */ = {isa = PBXBuildFile; fileRef = 1B45CDC623BF14DF001EB196 /* NSAttributedString+Range.swift */; };
		1B45CDCB23BF1621001EB196 /* MockDefaultTextFormattingProvider.swift in Sources */ = {isa = PBXBuildFile; fileRef = 1B45CDC923BF161E001EB196 /* MockDefaultTextFormattingProvider.swift */; };
		1B45CDCE23BF18A5001EB196 /* XCTestHelpers.swift in Sources */ = {isa = PBXBuildFile; fileRef = 1B45CDCC23BF189F001EB196 /* XCTestHelpers.swift */; };
		1B45CDD023C007AF001EB196 /* RichTextView.swift in Sources */ = {isa = PBXBuildFile; fileRef = 1B45CDCF23C007AF001EB196 /* RichTextView.swift */; };
		1B45CDD223C00856001EB196 /* TextContainer.swift in Sources */ = {isa = PBXBuildFile; fileRef = 1B45CDD123C00856001EB196 /* TextContainer.swift */; };
		1B45CDD523C00927001EB196 /* EditorContent.swift in Sources */ = {isa = PBXBuildFile; fileRef = 1B45CDD423C00927001EB196 /* EditorContent.swift */; };
		1B45CDD723C00A0A001EB196 /* EditorAttribute.swift in Sources */ = {isa = PBXBuildFile; fileRef = 1B45CDD623C00A0A001EB196 /* EditorAttribute.swift */; };
		1B45CDD923C0484A001EB196 /* RichTextViewTests.swift in Sources */ = {isa = PBXBuildFile; fileRef = 1B45CDD823C0484A001EB196 /* RichTextViewTests.swift */; };
		1B45CDDB23C04BE3001EB196 /* RichTextViewSnapshotTests.swift in Sources */ = {isa = PBXBuildFile; fileRef = 1B45CDDA23C04BE3001EB196 /* RichTextViewSnapshotTests.swift */; };
		1B45CDDD23C05340001EB196 /* Attachment.swift in Sources */ = {isa = PBXBuildFile; fileRef = 1B45CDDC23C05340001EB196 /* Attachment.swift */; };
		1B45CDDF23C053FB001EB196 /* EditorContentIdentifying.swift in Sources */ = {isa = PBXBuildFile; fileRef = 1B45CDDE23C053FB001EB196 /* EditorContentIdentifying.swift */; };
		1B45CDE123C05476001EB196 /* UIColor+Image.swift in Sources */ = {isa = PBXBuildFile; fileRef = 1B45CDE023C05476001EB196 /* UIColor+Image.swift */; };
		1B45CDE423C05916001EB196 /* SelectionView.swift in Sources */ = {isa = PBXBuildFile; fileRef = 1B45CDE323C05916001EB196 /* SelectionView.swift */; };
		1B45CDE623C05942001EB196 /* AttachmentSize.swift in Sources */ = {isa = PBXBuildFile; fileRef = 1B45CDE523C05942001EB196 /* AttachmentSize.swift */; };
		1B45CDE823C05C0C001EB196 /* Focusable.swift in Sources */ = {isa = PBXBuildFile; fileRef = 1B45CDE723C05C0C001EB196 /* Focusable.swift */; };
		1B45CDEC23C1682C001EB196 /* AttachmentSnapshotTests.swift in Sources */ = {isa = PBXBuildFile; fileRef = 1B45CDEA23C16829001EB196 /* AttachmentSnapshotTests.swift */; };
		1B45CDEE23C1686F001EB196 /* RichTextViewTestViewController.swift in Sources */ = {isa = PBXBuildFile; fileRef = 1B45CDED23C1686F001EB196 /* RichTextViewTestViewController.swift */; };
		1B45CDF123C16EF4001EB196 /* RichTextAttachmentView.swift in Sources */ = {isa = PBXBuildFile; fileRef = 1B45CDF023C16EF4001EB196 /* RichTextAttachmentView.swift */; };
		1B6DE9D923C5940B007F9859 /* EditorCommandSnapshotTests.swift in Sources */ = {isa = PBXBuildFile; fileRef = 1B6DE9D823C5940B007F9859 /* EditorCommandSnapshotTests.swift */; };
		1B6DE9E323C5C184007F9859 /* FontTraitToggleCommandTests.swift in Sources */ = {isa = PBXBuildFile; fileRef = 1B6DE9E223C5C184007F9859 /* FontTraitToggleCommandTests.swift */; };
		1B7A985723C4828A00C34B14 /* RichTextViewContext.swift in Sources */ = {isa = PBXBuildFile; fileRef = 1B7A985623C4828A00C34B14 /* RichTextViewContext.swift */; };
		1B7A985923C484BC00C34B14 /* RichTextViewDelegate.swift in Sources */ = {isa = PBXBuildFile; fileRef = 1B7A985823C484BC00C34B14 /* RichTextViewDelegate.swift */; };
		1B82570423C48C350033A0A9 /* MockRichTextViewDelegate.swift in Sources */ = {isa = PBXBuildFile; fileRef = 1B82570323C48C350033A0A9 /* MockRichTextViewDelegate.swift */; };
		1B82570623C48FEC0033A0A9 /* RichTextViewContextTests.swift in Sources */ = {isa = PBXBuildFile; fileRef = 1B82570523C48FEC0033A0A9 /* RichTextViewContextTests.swift */; };
		1B82570923C5674E0033A0A9 /* EditorCommand.swift in Sources */ = {isa = PBXBuildFile; fileRef = 1B82570823C5674E0033A0A9 /* EditorCommand.swift */; };
		1B82570B23C567B90033A0A9 /* EditorCommandExecutor.swift in Sources */ = {isa = PBXBuildFile; fileRef = 1B82570A23C567B90033A0A9 /* EditorCommandExecutor.swift */; };
		1B82570D23C5686F0033A0A9 /* EditorViewContext.swift in Sources */ = {isa = PBXBuildFile; fileRef = 1B82570C23C5686F0033A0A9 /* EditorViewContext.swift */; };
		1B82570F23C573CE0033A0A9 /* BoldCommand.swift in Sources */ = {isa = PBXBuildFile; fileRef = 1B82570E23C573CE0033A0A9 /* BoldCommand.swift */; };
		1B82571223C5799C0033A0A9 /* FontExtensions.swift in Sources */ = {isa = PBXBuildFile; fileRef = 1B82571123C5799C0033A0A9 /* FontExtensions.swift */; };
		1B8BE91B23C71CEA00353B17 /* EditorViewDelegate.swift in Sources */ = {isa = PBXBuildFile; fileRef = 1B8BE91A23C71CEA00353B17 /* EditorViewDelegate.swift */; };
		1B8BE91D23C71E4B00353B17 /* EditorViewDelegateTests.swift in Sources */ = {isa = PBXBuildFile; fileRef = 1B8BE91C23C71E4B00353B17 /* EditorViewDelegateTests.swift */; };
		1B8BE91F23C71E8A00353B17 /* MockEditorViewDelegate.swift in Sources */ = {isa = PBXBuildFile; fileRef = 1B8BE91E23C71E8A00353B17 /* MockEditorViewDelegate.swift */; };
		1B91F4B123C72D87003F9B55 /* TextProcessor.swift in Sources */ = {isa = PBXBuildFile; fileRef = 1B91F4B023C72D87003F9B55 /* TextProcessor.swift */; };
		1B91F4B323C72DC3003F9B55 /* TextProcessing.swift in Sources */ = {isa = PBXBuildFile; fileRef = 1B91F4B223C72DC3003F9B55 /* TextProcessing.swift */; };
		1BB214D023BB2778008B84A0 /* Proton.framework in Frameworks */ = {isa = PBXBuildFile; fileRef = 1BB214C623BB2778008B84A0 /* Proton.framework */; };
		1BB214D723BB2778008B84A0 /* Proton.h in Headers */ = {isa = PBXBuildFile; fileRef = 1BB214C923BB2778008B84A0 /* Proton.h */; settings = {ATTRIBUTES = (Public, ); }; };
		1BD1791723C57F140066DC13 /* ItalicsCommand.swift in Sources */ = {isa = PBXBuildFile; fileRef = 1BD1791623C57F140066DC13 /* ItalicsCommand.swift */; };
		1BD1791923C57F430066DC13 /* FontTraitToggleCommand.swift in Sources */ = {isa = PBXBuildFile; fileRef = 1BD1791823C57F430066DC13 /* FontTraitToggleCommand.swift */; };
		1BD1791E23C589340066DC13 /* EditorCommandExecutorTests.swift in Sources */ = {isa = PBXBuildFile; fileRef = 1BD1791D23C589340066DC13 /* EditorCommandExecutorTests.swift */; };
		1BD993B123C995B000563ACB /* TextProcessorTests.swift in Sources */ = {isa = PBXBuildFile; fileRef = 1BD993B023C995B000563ACB /* TextProcessorTests.swift */; };
		1BD993B423C9966A00563ACB /* MockTextProcessor.swift in Sources */ = {isa = PBXBuildFile; fileRef = 1BD993B323C9966A00563ACB /* MockTextProcessor.swift */; };
		1BD993B623C999AF00563ACB /* EditorViewTests.swift in Sources */ = {isa = PBXBuildFile; fileRef = 1BD993B523C999AF00563ACB /* EditorViewTests.swift */; };
		1BD993B823C9AE4200563ACB /* NSAttributedString+Content.swift in Sources */ = {isa = PBXBuildFile; fileRef = 1BD993B723C9AE4200563ACB /* NSAttributedString+Content.swift */; };
		1BFFEF0523C308BF00D2BA35 /* MockAutogrowingTextViewDelegate.swift in Sources */ = {isa = PBXBuildFile; fileRef = 1BFFEF0423C308BF00D2BA35 /* MockAutogrowingTextViewDelegate.swift */; };
		1BFFEF0C23C30D5200D2BA35 /* EditorContentView.swift in Sources */ = {isa = PBXBuildFile; fileRef = 1BFFEF0B23C30D5200D2BA35 /* EditorContentView.swift */; };
		1BFFEF1523C332A100D2BA35 /* EditorSnapshotTests.swift in Sources */ = {isa = PBXBuildFile; fileRef = 1BFFEF1423C332A100D2BA35 /* EditorSnapshotTests.swift */; };
		1BFFEF1723C333B400D2BA35 /* EditorTestViewController.swift in Sources */ = {isa = PBXBuildFile; fileRef = 1BFFEF1623C333B400D2BA35 /* EditorTestViewController.swift */; };
		1BFFEF1A23C3344A00D2BA35 /* AutogrowingTextField.swift in Sources */ = {isa = PBXBuildFile; fileRef = 1BFFEF1923C3344A00D2BA35 /* AutogrowingTextField.swift */; };
		1BFFEF1C23C334D200D2BA35 /* InlineEditorView.swift in Sources */ = {isa = PBXBuildFile; fileRef = 1BFFEF1B23C334D200D2BA35 /* InlineEditorView.swift */; };
		1BFFEF1F23C3366200D2BA35 /* MockAttachmentOffsetProvider.swift in Sources */ = {isa = PBXBuildFile; fileRef = 1BFFEF1E23C3366200D2BA35 /* MockAttachmentOffsetProvider.swift */; };
		1BFFEF2123C33EA900D2BA35 /* PanelView.swift in Sources */ = {isa = PBXBuildFile; fileRef = 1BFFEF2023C33EA900D2BA35 /* PanelView.swift */; };
/* End PBXBuildFile section */

/* Begin PBXContainerItemProxy section */
		1BB214D123BB2778008B84A0 /* PBXContainerItemProxy */ = {
			isa = PBXContainerItemProxy;
			containerPortal = 1BB214BD23BB2778008B84A0 /* Project object */;
			proxyType = 1;
			remoteGlobalIDString = 1BB214C523BB2778008B84A0;
			remoteInfo = Proton;
		};
/* End PBXContainerItemProxy section */

/* Begin PBXCopyFilesBuildPhase section */
		1B45CD9823BED0A2001EB196 /* Copy Frameworks */ = {
			isa = PBXCopyFilesBuildPhase;
			buildActionMask = 2147483647;
			dstPath = "";
			dstSubfolderSpec = 10;
			files = (
				1B45CD9923BED0B8001EB196 /* FBSnapshotTestCase.framework in Copy Frameworks */,
			);
			name = "Copy Frameworks";
			runOnlyForDeploymentPostprocessing = 0;
		};
/* End PBXCopyFilesBuildPhase section */

/* Begin PBXFileReference section */
		1B004EC023C17DCE007893AA /* testRendersTextInTextView@3x.png */ = {isa = PBXFileReference; lastKnownFileType = image.png; path = "testRendersTextInTextView@3x.png"; sourceTree = "<group>"; };
		1B004EC123C17DCE007893AA /* testRendersMultilineTextViewBasedOnContent@3x.png */ = {isa = PBXFileReference; lastKnownFileType = image.png; path = "testRendersMultilineTextViewBasedOnContent@3x.png"; sourceTree = "<group>"; };
		1B004EC623C1C287007893AA /* EditorView.swift */ = {isa = PBXFileReference; lastKnownFileType = sourcecode.swift; path = EditorView.swift; sourceTree = "<group>"; };
		1B45CD8F23BDD7E6001EB196 /* AutogrowingTextView.swift */ = {isa = PBXFileReference; fileEncoding = 4; lastKnownFileType = sourcecode.swift; path = AutogrowingTextView.swift; sourceTree = "<group>"; };
		1B45CD9323BECFAF001EB196 /* AutogrowingTextViewSnapshotTests.swift */ = {isa = PBXFileReference; lastKnownFileType = sourcecode.swift; path = AutogrowingTextViewSnapshotTests.swift; sourceTree = "<group>"; };
		1B45CD9623BED05A001EB196 /* FBSnapshotTestCase.framework */ = {isa = PBXFileReference; lastKnownFileType = wrapper.framework; name = FBSnapshotTestCase.framework; path = ../Carthage/Build/iOS/FBSnapshotTestCase.framework; sourceTree = "<group>"; };
		1B45CD9C23BEDA8F001EB196 /* UIView+Render.swift */ = {isa = PBXFileReference; lastKnownFileType = sourcecode.swift; path = "UIView+Render.swift"; sourceTree = "<group>"; };
		1B45CD9E23BEE997001EB196 /* SnapshotTestViewController.swift */ = {isa = PBXFileReference; lastKnownFileType = sourcecode.swift; path = SnapshotTestViewController.swift; sourceTree = "<group>"; };
		1B45CDA323BEEC3D001EB196 /* testRendersTextViewBasedOnContent@3x.png */ = {isa = PBXFileReference; lastKnownFileType = image.png; path = "testRendersTextViewBasedOnContent@3x.png"; sourceTree = "<group>"; };
		1B45CDA423BEEC3D001EB196 /* testRendersMultilineTextViewBasedOnContent@3x.png */ = {isa = PBXFileReference; lastKnownFileType = image.png; path = "testRendersMultilineTextViewBasedOnContent@3x.png"; sourceTree = "<group>"; };
		1B45CDA823BEED0E001EB196 /* AutogrowingTextViewTests.swift */ = {isa = PBXFileReference; lastKnownFileType = sourcecode.swift; path = AutogrowingTextViewTests.swift; sourceTree = "<group>"; };
		1B45CDB923BF10DF001EB196 /* TextStorage.swift */ = {isa = PBXFileReference; lastKnownFileType = sourcecode.swift; path = TextStorage.swift; sourceTree = "<group>"; };
		1B45CDBB23BF1174001EB196 /* Types.swift */ = {isa = PBXFileReference; lastKnownFileType = sourcecode.swift; path = Types.swift; sourceTree = "<group>"; };
		1B45CDBD23BF125D001EB196 /* NSAttributedString+ContentTypes.swift */ = {isa = PBXFileReference; lastKnownFileType = sourcecode.swift; path = "NSAttributedString+ContentTypes.swift"; sourceTree = "<group>"; };
		1B45CDC023BF131B001EB196 /* TextStorageTests.swift */ = {isa = PBXFileReference; lastKnownFileType = sourcecode.swift; path = TextStorageTests.swift; sourceTree = "<group>"; };
		1B45CDC423BF13D4001EB196 /* NSRangeExtensions.swift */ = {isa = PBXFileReference; lastKnownFileType = sourcecode.swift; path = NSRangeExtensions.swift; sourceTree = "<group>"; };
		1B45CDC623BF14DF001EB196 /* NSAttributedString+Range.swift */ = {isa = PBXFileReference; lastKnownFileType = sourcecode.swift; path = "NSAttributedString+Range.swift"; sourceTree = "<group>"; };
		1B45CDC923BF161E001EB196 /* MockDefaultTextFormattingProvider.swift */ = {isa = PBXFileReference; lastKnownFileType = sourcecode.swift; path = MockDefaultTextFormattingProvider.swift; sourceTree = "<group>"; };
		1B45CDCC23BF189F001EB196 /* XCTestHelpers.swift */ = {isa = PBXFileReference; lastKnownFileType = sourcecode.swift; path = XCTestHelpers.swift; sourceTree = "<group>"; };
		1B45CDCF23C007AF001EB196 /* RichTextView.swift */ = {isa = PBXFileReference; lastKnownFileType = sourcecode.swift; path = RichTextView.swift; sourceTree = "<group>"; };
		1B45CDD123C00856001EB196 /* TextContainer.swift */ = {isa = PBXFileReference; lastKnownFileType = sourcecode.swift; path = TextContainer.swift; sourceTree = "<group>"; };
		1B45CDD423C00927001EB196 /* EditorContent.swift */ = {isa = PBXFileReference; lastKnownFileType = sourcecode.swift; path = EditorContent.swift; sourceTree = "<group>"; };
		1B45CDD623C00A0A001EB196 /* EditorAttribute.swift */ = {isa = PBXFileReference; lastKnownFileType = sourcecode.swift; path = EditorAttribute.swift; sourceTree = "<group>"; };
		1B45CDD823C0484A001EB196 /* RichTextViewTests.swift */ = {isa = PBXFileReference; lastKnownFileType = sourcecode.swift; path = RichTextViewTests.swift; sourceTree = "<group>"; };
		1B45CDDA23C04BE3001EB196 /* RichTextViewSnapshotTests.swift */ = {isa = PBXFileReference; lastKnownFileType = sourcecode.swift; path = RichTextViewSnapshotTests.swift; sourceTree = "<group>"; };
		1B45CDDC23C05340001EB196 /* Attachment.swift */ = {isa = PBXFileReference; lastKnownFileType = sourcecode.swift; path = Attachment.swift; sourceTree = "<group>"; };
		1B45CDDE23C053FB001EB196 /* EditorContentIdentifying.swift */ = {isa = PBXFileReference; lastKnownFileType = sourcecode.swift; path = EditorContentIdentifying.swift; sourceTree = "<group>"; };
		1B45CDE023C05476001EB196 /* UIColor+Image.swift */ = {isa = PBXFileReference; lastKnownFileType = sourcecode.swift; path = "UIColor+Image.swift"; sourceTree = "<group>"; };
		1B45CDE323C05916001EB196 /* SelectionView.swift */ = {isa = PBXFileReference; lastKnownFileType = sourcecode.swift; path = SelectionView.swift; sourceTree = "<group>"; };
		1B45CDE523C05942001EB196 /* AttachmentSize.swift */ = {isa = PBXFileReference; lastKnownFileType = sourcecode.swift; path = AttachmentSize.swift; sourceTree = "<group>"; };
		1B45CDE723C05C0C001EB196 /* Focusable.swift */ = {isa = PBXFileReference; lastKnownFileType = sourcecode.swift; path = Focusable.swift; sourceTree = "<group>"; };
		1B45CDEA23C16829001EB196 /* AttachmentSnapshotTests.swift */ = {isa = PBXFileReference; lastKnownFileType = sourcecode.swift; path = AttachmentSnapshotTests.swift; sourceTree = "<group>"; };
		1B45CDED23C1686F001EB196 /* RichTextViewTestViewController.swift */ = {isa = PBXFileReference; lastKnownFileType = sourcecode.swift; path = RichTextViewTestViewController.swift; sourceTree = "<group>"; };
		1B45CDF023C16EF4001EB196 /* RichTextAttachmentView.swift */ = {isa = PBXFileReference; lastKnownFileType = sourcecode.swift; path = RichTextAttachmentView.swift; sourceTree = "<group>"; };
		1B6DE9D823C5940B007F9859 /* EditorCommandSnapshotTests.swift */ = {isa = PBXFileReference; lastKnownFileType = sourcecode.swift; path = EditorCommandSnapshotTests.swift; sourceTree = "<group>"; };
		1B6DE9DB23C59889007F9859 /* testExecutesCommandOnNestedEditors@3x.png */ = {isa = PBXFileReference; lastKnownFileType = image.png; path = "testExecutesCommandOnNestedEditors@3x.png"; sourceTree = "<group>"; };
		1B6DE9E223C5C184007F9859 /* FontTraitToggleCommandTests.swift */ = {isa = PBXFileReference; lastKnownFileType = sourcecode.swift; path = FontTraitToggleCommandTests.swift; sourceTree = "<group>"; };
		1B7A985523C4811C00C34B14 /* testDeletesAttachments@3x.png */ = {isa = PBXFileReference; lastKnownFileType = image.png; path = "testDeletesAttachments@3x.png"; sourceTree = "<group>"; };
		1B7A985623C4828A00C34B14 /* RichTextViewContext.swift */ = {isa = PBXFileReference; lastKnownFileType = sourcecode.swift; path = RichTextViewContext.swift; sourceTree = "<group>"; };
		1B7A985823C484BC00C34B14 /* RichTextViewDelegate.swift */ = {isa = PBXFileReference; lastKnownFileType = sourcecode.swift; path = RichTextViewDelegate.swift; sourceTree = "<group>"; };
		1B82570323C48C350033A0A9 /* MockRichTextViewDelegate.swift */ = {isa = PBXFileReference; lastKnownFileType = sourcecode.swift; path = MockRichTextViewDelegate.swift; sourceTree = "<group>"; };
		1B82570523C48FEC0033A0A9 /* RichTextViewContextTests.swift */ = {isa = PBXFileReference; lastKnownFileType = sourcecode.swift; path = RichTextViewContextTests.swift; sourceTree = "<group>"; };
		1B82570823C5674E0033A0A9 /* EditorCommand.swift */ = {isa = PBXFileReference; lastKnownFileType = sourcecode.swift; path = EditorCommand.swift; sourceTree = "<group>"; };
		1B82570A23C567B90033A0A9 /* EditorCommandExecutor.swift */ = {isa = PBXFileReference; lastKnownFileType = sourcecode.swift; path = EditorCommandExecutor.swift; sourceTree = "<group>"; };
		1B82570C23C5686F0033A0A9 /* EditorViewContext.swift */ = {isa = PBXFileReference; lastKnownFileType = sourcecode.swift; path = EditorViewContext.swift; sourceTree = "<group>"; };
		1B82570E23C573CE0033A0A9 /* BoldCommand.swift */ = {isa = PBXFileReference; lastKnownFileType = sourcecode.swift; path = BoldCommand.swift; sourceTree = "<group>"; };
		1B82571123C5799C0033A0A9 /* FontExtensions.swift */ = {isa = PBXFileReference; lastKnownFileType = sourcecode.swift; path = FontExtensions.swift; sourceTree = "<group>"; };
		1B8BE91A23C71CEA00353B17 /* EditorViewDelegate.swift */ = {isa = PBXFileReference; lastKnownFileType = sourcecode.swift; path = EditorViewDelegate.swift; sourceTree = "<group>"; };
		1B8BE91C23C71E4B00353B17 /* EditorViewDelegateTests.swift */ = {isa = PBXFileReference; lastKnownFileType = sourcecode.swift; path = EditorViewDelegateTests.swift; sourceTree = "<group>"; };
		1B8BE91E23C71E8A00353B17 /* MockEditorViewDelegate.swift */ = {isa = PBXFileReference; lastKnownFileType = sourcecode.swift; path = MockEditorViewDelegate.swift; sourceTree = "<group>"; };
		1B91F4B023C72D87003F9B55 /* TextProcessor.swift */ = {isa = PBXFileReference; lastKnownFileType = sourcecode.swift; path = TextProcessor.swift; sourceTree = "<group>"; };
		1B91F4B223C72DC3003F9B55 /* TextProcessing.swift */ = {isa = PBXFileReference; lastKnownFileType = sourcecode.swift; path = TextProcessing.swift; sourceTree = "<group>"; };
		1BB214C623BB2778008B84A0 /* Proton.framework */ = {isa = PBXFileReference; explicitFileType = wrapper.framework; includeInIndex = 0; path = Proton.framework; sourceTree = BUILT_PRODUCTS_DIR; };
		1BB214C923BB2778008B84A0 /* Proton.h */ = {isa = PBXFileReference; lastKnownFileType = sourcecode.c.h; path = Proton.h; sourceTree = "<group>"; };
		1BB214CA23BB2778008B84A0 /* Info.plist */ = {isa = PBXFileReference; lastKnownFileType = text.plist.xml; path = Info.plist; sourceTree = "<group>"; };
		1BB214CF23BB2778008B84A0 /* ProtonTests.xctest */ = {isa = PBXFileReference; explicitFileType = wrapper.cfbundle; includeInIndex = 0; path = ProtonTests.xctest; sourceTree = BUILT_PRODUCTS_DIR; };
		1BB214D623BB2778008B84A0 /* Info.plist */ = {isa = PBXFileReference; lastKnownFileType = text.plist.xml; path = Info.plist; sourceTree = "<group>"; };
		1BD1791623C57F140066DC13 /* ItalicsCommand.swift */ = {isa = PBXFileReference; lastKnownFileType = sourcecode.swift; path = ItalicsCommand.swift; sourceTree = "<group>"; };
		1BD1791823C57F430066DC13 /* FontTraitToggleCommand.swift */ = {isa = PBXFileReference; lastKnownFileType = sourcecode.swift; path = FontTraitToggleCommand.swift; sourceTree = "<group>"; };
		1BD1791D23C589340066DC13 /* EditorCommandExecutorTests.swift */ = {isa = PBXFileReference; lastKnownFileType = sourcecode.swift; path = EditorCommandExecutorTests.swift; sourceTree = "<group>"; };
		1BD993B023C995B000563ACB /* TextProcessorTests.swift */ = {isa = PBXFileReference; lastKnownFileType = sourcecode.swift; path = TextProcessorTests.swift; sourceTree = "<group>"; };
		1BD993B323C9966A00563ACB /* MockTextProcessor.swift */ = {isa = PBXFileReference; lastKnownFileType = sourcecode.swift; path = MockTextProcessor.swift; sourceTree = "<group>"; };
		1BD993B523C999AF00563ACB /* EditorViewTests.swift */ = {isa = PBXFileReference; lastKnownFileType = sourcecode.swift; path = EditorViewTests.swift; sourceTree = "<group>"; };
		1BD993B723C9AE4200563ACB /* NSAttributedString+Content.swift */ = {isa = PBXFileReference; lastKnownFileType = sourcecode.swift; path = "NSAttributedString+Content.swift"; sourceTree = "<group>"; };
		1BFFEF0423C308BF00D2BA35 /* MockAutogrowingTextViewDelegate.swift */ = {isa = PBXFileReference; fileEncoding = 4; lastKnownFileType = sourcecode.swift; path = MockAutogrowingTextViewDelegate.swift; sourceTree = "<group>"; };
		1BFFEF0B23C30D5200D2BA35 /* EditorContentView.swift */ = {isa = PBXFileReference; lastKnownFileType = sourcecode.swift; path = EditorContentView.swift; sourceTree = "<group>"; };
		1BFFEF1423C332A100D2BA35 /* EditorSnapshotTests.swift */ = {isa = PBXFileReference; lastKnownFileType = sourcecode.swift; path = EditorSnapshotTests.swift; sourceTree = "<group>"; };
		1BFFEF1623C333B400D2BA35 /* EditorTestViewController.swift */ = {isa = PBXFileReference; lastKnownFileType = sourcecode.swift; path = EditorTestViewController.swift; sourceTree = "<group>"; };
		1BFFEF1923C3344A00D2BA35 /* AutogrowingTextField.swift */ = {isa = PBXFileReference; lastKnownFileType = sourcecode.swift; path = AutogrowingTextField.swift; sourceTree = "<group>"; };
		1BFFEF1B23C334D200D2BA35 /* InlineEditorView.swift */ = {isa = PBXFileReference; lastKnownFileType = sourcecode.swift; path = InlineEditorView.swift; sourceTree = "<group>"; };
		1BFFEF1E23C3366200D2BA35 /* MockAttachmentOffsetProvider.swift */ = {isa = PBXFileReference; lastKnownFileType = sourcecode.swift; path = MockAttachmentOffsetProvider.swift; sourceTree = "<group>"; };
		1BFFEF2023C33EA900D2BA35 /* PanelView.swift */ = {isa = PBXFileReference; lastKnownFileType = sourcecode.swift; path = PanelView.swift; sourceTree = "<group>"; };
		1BFFEF2323C3423800D2BA35 /* testRendersFixedWidthAttachment@3x.png */ = {isa = PBXFileReference; lastKnownFileType = image.png; path = "testRendersFixedWidthAttachment@3x.png"; sourceTree = "<group>"; };
		1BFFEF2423C3423800D2BA35 /* testRendersMatchContentAttachment@3x.png */ = {isa = PBXFileReference; lastKnownFileType = image.png; path = "testRendersMatchContentAttachment@3x.png"; sourceTree = "<group>"; };
		1BFFEF2523C3423800D2BA35 /* testRendersPercentWidthAttachment@3x.png */ = {isa = PBXFileReference; lastKnownFileType = image.png; path = "testRendersPercentWidthAttachment@3x.png"; sourceTree = "<group>"; };
		1BFFEF2623C3423800D2BA35 /* testRendersWidthRangeAttachment@3x.png */ = {isa = PBXFileReference; lastKnownFileType = image.png; path = "testRendersWidthRangeAttachment@3x.png"; sourceTree = "<group>"; };
		1BFFEF2723C3423800D2BA35 /* testRendersFullWidthAttachment@3x.png */ = {isa = PBXFileReference; lastKnownFileType = image.png; path = "testRendersFullWidthAttachment@3x.png"; sourceTree = "<group>"; };
		1BFFEF2E23C342D800D2BA35 /* testFallsToNextLineForLongContent@3x.png */ = {isa = PBXFileReference; lastKnownFileType = image.png; path = "testFallsToNextLineForLongContent@3x.png"; sourceTree = "<group>"; };
		1BFFEF2F23C342D800D2BA35 /* testMatchContentRendering@3x.png */ = {isa = PBXFileReference; lastKnownFileType = image.png; path = "testMatchContentRendering@3x.png"; sourceTree = "<group>"; };
		1BFFEF3023C342D800D2BA35 /* testPercentBasedRendering@3x.png */ = {isa = PBXFileReference; lastKnownFileType = image.png; path = "testPercentBasedRendering@3x.png"; sourceTree = "<group>"; };
		1BFFEF3123C342D800D2BA35 /* testWidthRangeRendering@3x.png */ = {isa = PBXFileReference; lastKnownFileType = image.png; path = "testWidthRangeRendering@3x.png"; sourceTree = "<group>"; };
		1BFFEF3223C342D800D2BA35 /* testMatchContainerRendering@3x.png */ = {isa = PBXFileReference; lastKnownFileType = image.png; path = "testMatchContainerRendering@3x.png"; sourceTree = "<group>"; };
		1BFFEF3323C342D800D2BA35 /* testFixedWidthRendering@3x.png */ = {isa = PBXFileReference; lastKnownFileType = image.png; path = "testFixedWidthRendering@3x.png"; sourceTree = "<group>"; };
/* End PBXFileReference section */

/* Begin PBXFrameworksBuildPhase section */
		1BB214C323BB2778008B84A0 /* Frameworks */ = {
			isa = PBXFrameworksBuildPhase;
			buildActionMask = 2147483647;
			files = (
			);
			runOnlyForDeploymentPostprocessing = 0;
		};
		1BB214CC23BB2778008B84A0 /* Frameworks */ = {
			isa = PBXFrameworksBuildPhase;
			buildActionMask = 2147483647;
			files = (
				1BB214D023BB2778008B84A0 /* Proton.framework in Frameworks */,
			);
			runOnlyForDeploymentPostprocessing = 0;
		};
/* End PBXFrameworksBuildPhase section */

/* Begin PBXGroup section */
		1B004EBF23C17DCE007893AA /* ProtonTests.RichTextViewSnapshotTests */ = {
			isa = PBXGroup;
			children = (
				1B004EC023C17DCE007893AA /* testRendersTextInTextView@3x.png */,
				1B004EC123C17DCE007893AA /* testRendersMultilineTextViewBasedOnContent@3x.png */,
			);
			path = ProtonTests.RichTextViewSnapshotTests;
			sourceTree = "<group>";
		};
		1B004EC223C18544007893AA /* ProtonTests.AttachmentSnapshotTests */ = {
			isa = PBXGroup;
			children = (
				1BFFEF2E23C342D800D2BA35 /* testFallsToNextLineForLongContent@3x.png */,
				1BFFEF3323C342D800D2BA35 /* testFixedWidthRendering@3x.png */,
				1BFFEF3223C342D800D2BA35 /* testMatchContainerRendering@3x.png */,
				1BFFEF2F23C342D800D2BA35 /* testMatchContentRendering@3x.png */,
				1BFFEF3023C342D800D2BA35 /* testPercentBasedRendering@3x.png */,
				1BFFEF3123C342D800D2BA35 /* testWidthRangeRendering@3x.png */,
			);
			path = ProtonTests.AttachmentSnapshotTests;
			sourceTree = "<group>";
		};
		1B45CD9223BEBFE2001EB196 /* Base */ = {
			isa = PBXGroup;
			children = (
				1B45CDAA23BEEDA6001EB196 /* Mocks */,
				1B45CD9323BECFAF001EB196 /* AutogrowingTextViewSnapshotTests.swift */,
				1B45CDA823BEED0E001EB196 /* AutogrowingTextViewTests.swift */,
			);
			path = Base;
			sourceTree = "<group>";
		};
		1B45CD9523BED059001EB196 /* Frameworks */ = {
			isa = PBXGroup;
			children = (
				1B45CD9623BED05A001EB196 /* FBSnapshotTestCase.framework */,
			);
			name = Frameworks;
			sourceTree = "<group>";
		};
		1B45CD9B23BEDA7F001EB196 /* Helpers */ = {
			isa = PBXGroup;
			children = (
				1BFFEF1823C3340D00D2BA35 /* Views */,
				1B45CD9C23BEDA8F001EB196 /* UIView+Render.swift */,
				1B45CD9E23BEE997001EB196 /* SnapshotTestViewController.swift */,
				1B45CDCC23BF189F001EB196 /* XCTestHelpers.swift */,
				1B45CDED23C1686F001EB196 /* RichTextViewTestViewController.swift */,
				1BFFEF1623C333B400D2BA35 /* EditorTestViewController.swift */,
			);
			path = Helpers;
			sourceTree = "<group>";
		};
		1B45CDA023BEEC3D001EB196 /* Snapshots */ = {
			isa = PBXGroup;
			children = (
				1B45CDA123BEEC3D001EB196 /* ReferenceImages_64 */,
			);
			path = Snapshots;
			sourceTree = "<group>";
		};
		1B45CDA123BEEC3D001EB196 /* ReferenceImages_64 */ = {
			isa = PBXGroup;
			children = (
				1B6DE9DA23C59889007F9859 /* ProtonTests.EditorCommandSnapshotTests */,
				1BFFEF2223C3423800D2BA35 /* ProtonTests.EditorSnapshotTests */,
				1B004EC223C18544007893AA /* ProtonTests.AttachmentSnapshotTests */,
				1B004EBF23C17DCE007893AA /* ProtonTests.RichTextViewSnapshotTests */,
				1B45CDA223BEEC3D001EB196 /* ProtonTests.AutogrowingTextViewSnapshotTests */,
			);
			path = ReferenceImages_64;
			sourceTree = "<group>";
		};
		1B45CDA223BEEC3D001EB196 /* ProtonTests.AutogrowingTextViewSnapshotTests */ = {
			isa = PBXGroup;
			children = (
				1B45CDA323BEEC3D001EB196 /* testRendersTextViewBasedOnContent@3x.png */,
				1B45CDA423BEEC3D001EB196 /* testRendersMultilineTextViewBasedOnContent@3x.png */,
			);
			path = ProtonTests.AutogrowingTextViewSnapshotTests;
			sourceTree = "<group>";
		};
		1B45CDAA23BEEDA6001EB196 /* Mocks */ = {
			isa = PBXGroup;
			children = (
				1BFFEF0423C308BF00D2BA35 /* MockAutogrowingTextViewDelegate.swift */,
			);
			path = Mocks;
			sourceTree = "<group>";
		};
		1B45CDB823BF10C1001EB196 /* Core */ = {
			isa = PBXGroup;
			children = (
				1B45CDB923BF10DF001EB196 /* TextStorage.swift */,
				1B45CDCF23C007AF001EB196 /* RichTextView.swift */,
				1B45CDD123C00856001EB196 /* TextContainer.swift */,
				1B7A985623C4828A00C34B14 /* RichTextViewContext.swift */,
				1B7A985823C484BC00C34B14 /* RichTextViewDelegate.swift */,
			);
			path = Core;
			sourceTree = "<group>";
		};
		1B45CDBF23BF1309001EB196 /* Core */ = {
			isa = PBXGroup;
			children = (
				1B45CDC823BF15CF001EB196 /* Mocks */,
				1B45CDC023BF131B001EB196 /* TextStorageTests.swift */,
				1B45CDD823C0484A001EB196 /* RichTextViewTests.swift */,
				1B82570523C48FEC0033A0A9 /* RichTextViewContextTests.swift */,
				1B45CDDA23C04BE3001EB196 /* RichTextViewSnapshotTests.swift */,
			);
			path = Core;
			sourceTree = "<group>";
		};
		1B45CDC323BF13B8001EB196 /* Helpers */ = {
			isa = PBXGroup;
			children = (
				1B82571023C5798C0033A0A9 /* Text */,
				1B45CDC423BF13D4001EB196 /* NSRangeExtensions.swift */,
				1B45CDC623BF14DF001EB196 /* NSAttributedString+Range.swift */,
				1BD993B723C9AE4200563ACB /* NSAttributedString+Content.swift */,
				1B45CDE023C05476001EB196 /* UIColor+Image.swift */,
			);
			path = Helpers;
			sourceTree = "<group>";
		};
		1B45CDC823BF15CF001EB196 /* Mocks */ = {
			isa = PBXGroup;
			children = (
				1B45CDC923BF161E001EB196 /* MockDefaultTextFormattingProvider.swift */,
				1B82570323C48C350033A0A9 /* MockRichTextViewDelegate.swift */,
			);
			path = Mocks;
			sourceTree = "<group>";
		};
		1B45CDD323C00915001EB196 /* Editor */ = {
			isa = PBXGroup;
			children = (
				1B45CDD423C00927001EB196 /* EditorContent.swift */,
				1B45CDD623C00A0A001EB196 /* EditorAttribute.swift */,
				1B45CDDE23C053FB001EB196 /* EditorContentIdentifying.swift */,
				1B004EC623C1C287007893AA /* EditorView.swift */,
				1BFFEF0B23C30D5200D2BA35 /* EditorContentView.swift */,
				1B82570C23C5686F0033A0A9 /* EditorViewContext.swift */,
				1B8BE91A23C71CEA00353B17 /* EditorViewDelegate.swift */,
			);
			path = Editor;
			sourceTree = "<group>";
		};
		1B45CDE223C05901001EB196 /* Attachment */ = {
			isa = PBXGroup;
			children = (
				1B45CDDC23C05340001EB196 /* Attachment.swift */,
				1B45CDE523C05942001EB196 /* AttachmentSize.swift */,
				1B45CDE323C05916001EB196 /* SelectionView.swift */,
				1B45CDE723C05C0C001EB196 /* Focusable.swift */,
			);
			path = Attachment;
			sourceTree = "<group>";
		};
		1B45CDE923C16816001EB196 /* Attachments */ = {
			isa = PBXGroup;
			children = (
				1B45CDEF23C16ED4001EB196 /* Mocks */,
				1B45CDEA23C16829001EB196 /* AttachmentSnapshotTests.swift */,
			);
			path = Attachments;
			sourceTree = "<group>";
		};
		1B45CDEF23C16ED4001EB196 /* Mocks */ = {
			isa = PBXGroup;
			children = (
				1B45CDF023C16EF4001EB196 /* RichTextAttachmentView.swift */,
			);
			path = Mocks;
			sourceTree = "<group>";
		};
		1B6DE9DA23C59889007F9859 /* ProtonTests.EditorCommandSnapshotTests */ = {
			isa = PBXGroup;
			children = (
				1B6DE9DB23C59889007F9859 /* testExecutesCommandOnNestedEditors@3x.png */,
			);
			path = ProtonTests.EditorCommandSnapshotTests;
			sourceTree = "<group>";
		};
		1B82570723C567370033A0A9 /* Commands */ = {
			isa = PBXGroup;
			children = (
				1B82570823C5674E0033A0A9 /* EditorCommand.swift */,
				1B82570A23C567B90033A0A9 /* EditorCommandExecutor.swift */,
				1B82570E23C573CE0033A0A9 /* BoldCommand.swift */,
				1BD1791623C57F140066DC13 /* ItalicsCommand.swift */,
				1BD1791823C57F430066DC13 /* FontTraitToggleCommand.swift */,
			);
			path = Commands;
			sourceTree = "<group>";
		};
		1B82571023C5798C0033A0A9 /* Text */ = {
			isa = PBXGroup;
			children = (
				1B82571123C5799C0033A0A9 /* FontExtensions.swift */,
			);
			path = Text;
			sourceTree = "<group>";
		};
		1B91F4AF23C72D66003F9B55 /* TextProcessors */ = {
			isa = PBXGroup;
			children = (
				1B91F4B023C72D87003F9B55 /* TextProcessor.swift */,
				1B91F4B223C72DC3003F9B55 /* TextProcessing.swift */,
			);
			path = TextProcessors;
			sourceTree = "<group>";
		};
		1BB214BC23BB2778008B84A0 = {
			isa = PBXGroup;
			children = (
				1BB214C823BB2778008B84A0 /* Sources */,
				1BB214D323BB2778008B84A0 /* Tests */,
				1BB214C723BB2778008B84A0 /* Products */,
				1B45CD9523BED059001EB196 /* Frameworks */,
			);
			sourceTree = "<group>";
		};
		1BB214C723BB2778008B84A0 /* Products */ = {
			isa = PBXGroup;
			children = (
				1BB214C623BB2778008B84A0 /* Proton.framework */,
				1BB214CF23BB2778008B84A0 /* ProtonTests.xctest */,
			);
			name = Products;
			sourceTree = "<group>";
		};
		1BB214C823BB2778008B84A0 /* Sources */ = {
			isa = PBXGroup;
			children = (
				1B45CDE223C05901001EB196 /* Attachment */,
				1BB2152E23BB2B83008B84A0 /* Base */,
				1B82570723C567370033A0A9 /* Commands */,
				1B45CDB823BF10C1001EB196 /* Core */,
				1B45CDD323C00915001EB196 /* Editor */,
				1B45CDC323BF13B8001EB196 /* Helpers */,
				1B91F4AF23C72D66003F9B55 /* TextProcessors */,
				1BB214C923BB2778008B84A0 /* Proton.h */,
				1BB214CA23BB2778008B84A0 /* Info.plist */,
			);
			path = Sources;
			sourceTree = "<group>";
		};
		1BB214D323BB2778008B84A0 /* Tests */ = {
			isa = PBXGroup;
			children = (
				1B45CDE923C16816001EB196 /* Attachments */,
				1B45CD9223BEBFE2001EB196 /* Base */,
				1BD1791A23C588450066DC13 /* Commands */,
				1B45CDBF23BF1309001EB196 /* Core */,
				1BFFEF1323C3328600D2BA35 /* Editor */,
				1B45CD9B23BEDA7F001EB196 /* Helpers */,
				1BD993AE23C9955800563ACB /* TextProcessors */,
				1B45CDA023BEEC3D001EB196 /* Snapshots */,
				1BB214D623BB2778008B84A0 /* Info.plist */,
			);
			path = Tests;
			sourceTree = "<group>";
		};
		1BB2152E23BB2B83008B84A0 /* Base */ = {
			isa = PBXGroup;
			children = (
				1B45CD8F23BDD7E6001EB196 /* AutogrowingTextView.swift */,
				1B45CDBB23BF1174001EB196 /* Types.swift */,
				1B45CDBD23BF125D001EB196 /* NSAttributedString+ContentTypes.swift */,
			);
			path = Base;
			sourceTree = "<group>";
		};
		1BD1791A23C588450066DC13 /* Commands */ = {
			isa = PBXGroup;
			children = (
				1BD1791D23C589340066DC13 /* EditorCommandExecutorTests.swift */,
				1B6DE9D823C5940B007F9859 /* EditorCommandSnapshotTests.swift */,
				1B6DE9E223C5C184007F9859 /* FontTraitToggleCommandTests.swift */,
			);
			path = Commands;
			sourceTree = "<group>";
		};
		1BD993AE23C9955800563ACB /* TextProcessors */ = {
			isa = PBXGroup;
			children = (
				1BD993B223C9965B00563ACB /* Mocks */,
				1BD993B023C995B000563ACB /* TextProcessorTests.swift */,
			);
			path = TextProcessors;
			sourceTree = "<group>";
		};
		1BD993B223C9965B00563ACB /* Mocks */ = {
			isa = PBXGroup;
			children = (
				1BD993B323C9966A00563ACB /* MockTextProcessor.swift */,
			);
			path = Mocks;
			sourceTree = "<group>";
		};
		1BFFEF1323C3328600D2BA35 /* Editor */ = {
			isa = PBXGroup;
			children = (
				1BFFEF1D23C3364900D2BA35 /* Mocks */,
				1BFFEF1423C332A100D2BA35 /* EditorSnapshotTests.swift */,
				1BD993B523C999AF00563ACB /* EditorViewTests.swift */,
				1B8BE91C23C71E4B00353B17 /* EditorViewDelegateTests.swift */,
			);
			path = Editor;
			sourceTree = "<group>";
		};
		1BFFEF1823C3340D00D2BA35 /* Views */ = {
			isa = PBXGroup;
			children = (
				1BFFEF1923C3344A00D2BA35 /* AutogrowingTextField.swift */,
				1BFFEF1B23C334D200D2BA35 /* InlineEditorView.swift */,
				1BFFEF2023C33EA900D2BA35 /* PanelView.swift */,
			);
			path = Views;
			sourceTree = "<group>";
		};
		1BFFEF1D23C3364900D2BA35 /* Mocks */ = {
			isa = PBXGroup;
			children = (
				1BFFEF1E23C3366200D2BA35 /* MockAttachmentOffsetProvider.swift */,
				1B8BE91E23C71E8A00353B17 /* MockEditorViewDelegate.swift */,
			);
			path = Mocks;
			sourceTree = "<group>";
		};
		1BFFEF2223C3423800D2BA35 /* ProtonTests.EditorSnapshotTests */ = {
			isa = PBXGroup;
			children = (
				1B7A985523C4811C00C34B14 /* testDeletesAttachments@3x.png */,
				1BFFEF2323C3423800D2BA35 /* testRendersFixedWidthAttachment@3x.png */,
				1BFFEF2423C3423800D2BA35 /* testRendersMatchContentAttachment@3x.png */,
				1BFFEF2523C3423800D2BA35 /* testRendersPercentWidthAttachment@3x.png */,
				1BFFEF2623C3423800D2BA35 /* testRendersWidthRangeAttachment@3x.png */,
				1BFFEF2723C3423800D2BA35 /* testRendersFullWidthAttachment@3x.png */,
			);
			path = ProtonTests.EditorSnapshotTests;
			sourceTree = "<group>";
		};
/* End PBXGroup section */

/* Begin PBXHeadersBuildPhase section */
		1BB214C123BB2778008B84A0 /* Headers */ = {
			isa = PBXHeadersBuildPhase;
			buildActionMask = 2147483647;
			files = (
				1BB214D723BB2778008B84A0 /* Proton.h in Headers */,
			);
			runOnlyForDeploymentPostprocessing = 0;
		};
/* End PBXHeadersBuildPhase section */

/* Begin PBXNativeTarget section */
		1BB214C523BB2778008B84A0 /* Proton */ = {
			isa = PBXNativeTarget;
			buildConfigurationList = 1BB214DA23BB2778008B84A0 /* Build configuration list for PBXNativeTarget "Proton" */;
			buildPhases = (
				1BB214C123BB2778008B84A0 /* Headers */,
				1BB214C223BB2778008B84A0 /* Sources */,
				1BB214C323BB2778008B84A0 /* Frameworks */,
				1BB214C423BB2778008B84A0 /* Resources */,
			);
			buildRules = (
			);
			dependencies = (
			);
			name = Proton;
			productName = Proton;
			productReference = 1BB214C623BB2778008B84A0 /* Proton.framework */;
			productType = "com.apple.product-type.framework";
		};
		1BB214CE23BB2778008B84A0 /* ProtonTests */ = {
			isa = PBXNativeTarget;
			buildConfigurationList = 1BB214DD23BB2778008B84A0 /* Build configuration list for PBXNativeTarget "ProtonTests" */;
			buildPhases = (
				1BB214CB23BB2778008B84A0 /* Sources */,
				1BB214CC23BB2778008B84A0 /* Frameworks */,
				1BB214CD23BB2778008B84A0 /* Resources */,
				1B45CD9823BED0A2001EB196 /* Copy Frameworks */,
			);
			buildRules = (
			);
			dependencies = (
				1BB214D223BB2778008B84A0 /* PBXTargetDependency */,
			);
			name = ProtonTests;
			productName = ProtonTests;
			productReference = 1BB214CF23BB2778008B84A0 /* ProtonTests.xctest */;
			productType = "com.apple.product-type.bundle.unit-test";
		};
/* End PBXNativeTarget section */

/* Begin PBXProject section */
		1BB214BD23BB2778008B84A0 /* Project object */ = {
			isa = PBXProject;
			attributes = {
				LastSwiftUpdateCheck = 1130;
				LastUpgradeCheck = 1130;
				ORGANIZATIONNAME = "Rajdeep Kwatra";
				TargetAttributes = {
					1BB214C523BB2778008B84A0 = {
						CreatedOnToolsVersion = 11.3;
						LastSwiftMigration = 1130;
					};
					1BB214CE23BB2778008B84A0 = {
						CreatedOnToolsVersion = 11.3;
					};
				};
			};
			buildConfigurationList = 1BB214C023BB2778008B84A0 /* Build configuration list for PBXProject "Proton" */;
			compatibilityVersion = "Xcode 9.3";
			developmentRegion = en;
			hasScannedForEncodings = 0;
			knownRegions = (
				en,
				Base,
			);
			mainGroup = 1BB214BC23BB2778008B84A0;
			productRefGroup = 1BB214C723BB2778008B84A0 /* Products */;
			projectDirPath = "";
			projectRoot = "";
			targets = (
				1BB214C523BB2778008B84A0 /* Proton */,
				1BB214CE23BB2778008B84A0 /* ProtonTests */,
			);
		};
/* End PBXProject section */

/* Begin PBXResourcesBuildPhase section */
		1BB214C423BB2778008B84A0 /* Resources */ = {
			isa = PBXResourcesBuildPhase;
			buildActionMask = 2147483647;
			files = (
			);
			runOnlyForDeploymentPostprocessing = 0;
		};
		1BB214CD23BB2778008B84A0 /* Resources */ = {
			isa = PBXResourcesBuildPhase;
			buildActionMask = 2147483647;
			files = (
			);
			runOnlyForDeploymentPostprocessing = 0;
		};
/* End PBXResourcesBuildPhase section */

/* Begin PBXSourcesBuildPhase section */
		1BB214C223BB2778008B84A0 /* Sources */ = {
			isa = PBXSourcesBuildPhase;
			buildActionMask = 2147483647;
			files = (
				1B45CDBE23BF125D001EB196 /* NSAttributedString+ContentTypes.swift in Sources */,
				1B7A985723C4828A00C34B14 /* RichTextViewContext.swift in Sources */,
				1B7A985923C484BC00C34B14 /* RichTextViewDelegate.swift in Sources */,
				1B45CDE123C05476001EB196 /* UIColor+Image.swift in Sources */,
				1B45CD9123BDD7E6001EB196 /* AutogrowingTextView.swift in Sources */,
				1B45CDE623C05942001EB196 /* AttachmentSize.swift in Sources */,
				1B45CDD723C00A0A001EB196 /* EditorAttribute.swift in Sources */,
				1B45CDC723BF14DF001EB196 /* NSAttributedString+Range.swift in Sources */,
				1B45CDD223C00856001EB196 /* TextContainer.swift in Sources */,
				1B91F4B323C72DC3003F9B55 /* TextProcessing.swift in Sources */,
				1B45CDDD23C05340001EB196 /* Attachment.swift in Sources */,
				1B45CDD023C007AF001EB196 /* RichTextView.swift in Sources */,
				1B004EC723C1C287007893AA /* EditorView.swift in Sources */,
				1B8BE91B23C71CEA00353B17 /* EditorViewDelegate.swift in Sources */,
				1B91F4B123C72D87003F9B55 /* TextProcessor.swift in Sources */,
				1B82570F23C573CE0033A0A9 /* BoldCommand.swift in Sources */,
				1B45CDC523BF13D4001EB196 /* NSRangeExtensions.swift in Sources */,
				1BD993B823C9AE4200563ACB /* NSAttributedString+Content.swift in Sources */,
				1BFFEF0C23C30D5200D2BA35 /* EditorContentView.swift in Sources */,
				1B82570923C5674E0033A0A9 /* EditorCommand.swift in Sources */,
				1B82570D23C5686F0033A0A9 /* EditorViewContext.swift in Sources */,
				1BD1791723C57F140066DC13 /* ItalicsCommand.swift in Sources */,
				1B45CDBA23BF10DF001EB196 /* TextStorage.swift in Sources */,
				1B45CDE823C05C0C001EB196 /* Focusable.swift in Sources */,
				1B45CDDF23C053FB001EB196 /* EditorContentIdentifying.swift in Sources */,
				1B45CDD523C00927001EB196 /* EditorContent.swift in Sources */,
				1B45CDBC23BF1174001EB196 /* Types.swift in Sources */,
				1B82571223C5799C0033A0A9 /* FontExtensions.swift in Sources */,
				1B45CDE423C05916001EB196 /* SelectionView.swift in Sources */,
				1BD1791923C57F430066DC13 /* FontTraitToggleCommand.swift in Sources */,
				1B82570B23C567B90033A0A9 /* EditorCommandExecutor.swift in Sources */,
			);
			runOnlyForDeploymentPostprocessing = 0;
		};
		1BB214CB23BB2778008B84A0 /* Sources */ = {
			isa = PBXSourcesBuildPhase;
			buildActionMask = 2147483647;
			files = (
				1B45CDEE23C1686F001EB196 /* RichTextViewTestViewController.swift in Sources */,
				1BFFEF0523C308BF00D2BA35 /* MockAutogrowingTextViewDelegate.swift in Sources */,
				1B45CD9D23BEDA8F001EB196 /* UIView+Render.swift in Sources */,
				1B45CD9F23BEE997001EB196 /* SnapshotTestViewController.swift in Sources */,
				1BFFEF1A23C3344A00D2BA35 /* AutogrowingTextField.swift in Sources */,
				1BD993B423C9966A00563ACB /* MockTextProcessor.swift in Sources */,
				1BD993B123C995B000563ACB /* TextProcessorTests.swift in Sources */,
				1BFFEF1523C332A100D2BA35 /* EditorSnapshotTests.swift in Sources */,
				1B8BE91D23C71E4B00353B17 /* EditorViewDelegateTests.swift in Sources */,
				1BFFEF2123C33EA900D2BA35 /* PanelView.swift in Sources */,
				1B8BE91F23C71E8A00353B17 /* MockEditorViewDelegate.swift in Sources */,
				1B45CDC223BF131E001EB196 /* TextStorageTests.swift in Sources */,
				1BFFEF1723C333B400D2BA35 /* EditorTestViewController.swift in Sources */,
				1B6DE9E323C5C184007F9859 /* FontTraitToggleCommandTests.swift in Sources */,
				1B45CDCE23BF18A5001EB196 /* XCTestHelpers.swift in Sources */,
				1B45CDDB23C04BE3001EB196 /* RichTextViewSnapshotTests.swift in Sources */,
				1B45CDD923C0484A001EB196 /* RichTextViewTests.swift in Sources */,
				1BD1791E23C589340066DC13 /* EditorCommandExecutorTests.swift in Sources */,
				1B82570423C48C350033A0A9 /* MockRichTextViewDelegate.swift in Sources */,
				1B45CDCB23BF1621001EB196 /* MockDefaultTextFormattingProvider.swift in Sources */,
				1B45CDA923BEED0E001EB196 /* AutogrowingTextViewTests.swift in Sources */,
				1BFFEF1C23C334D200D2BA35 /* InlineEditorView.swift in Sources */,
				1B45CDF123C16EF4001EB196 /* RichTextAttachmentView.swift in Sources */,
				1BFFEF1F23C3366200D2BA35 /* MockAttachmentOffsetProvider.swift in Sources */,
				1B45CD9423BECFAF001EB196 /* AutogrowingTextViewSnapshotTests.swift in Sources */,
				1B82570623C48FEC0033A0A9 /* RichTextViewContextTests.swift in Sources */,
				1B45CDEC23C1682C001EB196 /* AttachmentSnapshotTests.swift in Sources */,
				1BD993B623C999AF00563ACB /* EditorViewTests.swift in Sources */,
				1B6DE9D923C5940B007F9859 /* EditorCommandSnapshotTests.swift in Sources */,
			);
			runOnlyForDeploymentPostprocessing = 0;
		};
/* End PBXSourcesBuildPhase section */

/* Begin PBXTargetDependency section */
		1BB214D223BB2778008B84A0 /* PBXTargetDependency */ = {
			isa = PBXTargetDependency;
			target = 1BB214C523BB2778008B84A0 /* Proton */;
			targetProxy = 1BB214D123BB2778008B84A0 /* PBXContainerItemProxy */;
		};
/* End PBXTargetDependency section */

/* Begin XCBuildConfiguration section */
		1BB214D823BB2778008B84A0 /* Debug */ = {
			isa = XCBuildConfiguration;
			buildSettings = {
				ALWAYS_SEARCH_USER_PATHS = NO;
				CLANG_ANALYZER_NONNULL = YES;
				CLANG_ANALYZER_NUMBER_OBJECT_CONVERSION = YES_AGGRESSIVE;
				CLANG_CXX_LANGUAGE_STANDARD = "gnu++14";
				CLANG_CXX_LIBRARY = "libc++";
				CLANG_ENABLE_MODULES = YES;
				CLANG_ENABLE_OBJC_ARC = YES;
				CLANG_ENABLE_OBJC_WEAK = YES;
				CLANG_WARN_BLOCK_CAPTURE_AUTORELEASING = YES;
				CLANG_WARN_BOOL_CONVERSION = YES;
				CLANG_WARN_COMMA = YES;
				CLANG_WARN_CONSTANT_CONVERSION = YES;
				CLANG_WARN_DEPRECATED_OBJC_IMPLEMENTATIONS = YES;
				CLANG_WARN_DIRECT_OBJC_ISA_USAGE = YES_ERROR;
				CLANG_WARN_DOCUMENTATION_COMMENTS = YES;
				CLANG_WARN_EMPTY_BODY = YES;
				CLANG_WARN_ENUM_CONVERSION = YES;
				CLANG_WARN_INFINITE_RECURSION = YES;
				CLANG_WARN_INT_CONVERSION = YES;
				CLANG_WARN_NON_LITERAL_NULL_CONVERSION = YES;
				CLANG_WARN_OBJC_IMPLICIT_RETAIN_SELF = YES;
				CLANG_WARN_OBJC_LITERAL_CONVERSION = YES;
				CLANG_WARN_OBJC_ROOT_CLASS = YES_ERROR;
				CLANG_WARN_RANGE_LOOP_ANALYSIS = YES;
				CLANG_WARN_STRICT_PROTOTYPES = YES;
				CLANG_WARN_SUSPICIOUS_MOVE = YES;
				CLANG_WARN_UNGUARDED_AVAILABILITY = YES_AGGRESSIVE;
				CLANG_WARN_UNREACHABLE_CODE = YES;
				CLANG_WARN__DUPLICATE_METHOD_MATCH = YES;
				COPY_PHASE_STRIP = NO;
				CURRENT_PROJECT_VERSION = 1;
				DEBUG_INFORMATION_FORMAT = dwarf;
				ENABLE_STRICT_OBJC_MSGSEND = YES;
				ENABLE_TESTABILITY = YES;
				GCC_C_LANGUAGE_STANDARD = gnu11;
				GCC_DYNAMIC_NO_PIC = NO;
				GCC_NO_COMMON_BLOCKS = YES;
				GCC_OPTIMIZATION_LEVEL = 0;
				GCC_PREPROCESSOR_DEFINITIONS = (
					"DEBUG=1",
					"$(inherited)",
				);
				GCC_WARN_64_TO_32_BIT_CONVERSION = YES;
				GCC_WARN_ABOUT_RETURN_TYPE = YES_ERROR;
				GCC_WARN_UNDECLARED_SELECTOR = YES;
				GCC_WARN_UNINITIALIZED_AUTOS = YES_AGGRESSIVE;
				GCC_WARN_UNUSED_FUNCTION = YES;
				GCC_WARN_UNUSED_VARIABLE = YES;
				IPHONEOS_DEPLOYMENT_TARGET = 12.0;
				MTL_ENABLE_DEBUG_INFO = INCLUDE_SOURCE;
				MTL_FAST_MATH = YES;
				ONLY_ACTIVE_ARCH = YES;
				SDKROOT = iphoneos;
				SWIFT_ACTIVE_COMPILATION_CONDITIONS = DEBUG;
				SWIFT_OPTIMIZATION_LEVEL = "-Onone";
				TARGETED_DEVICE_FAMILY = "1,2";
				VERSIONING_SYSTEM = "apple-generic";
				VERSION_INFO_PREFIX = "";
			};
			name = Debug;
		};
		1BB214D923BB2778008B84A0 /* Release */ = {
			isa = XCBuildConfiguration;
			buildSettings = {
				ALWAYS_SEARCH_USER_PATHS = NO;
				CLANG_ANALYZER_NONNULL = YES;
				CLANG_ANALYZER_NUMBER_OBJECT_CONVERSION = YES_AGGRESSIVE;
				CLANG_CXX_LANGUAGE_STANDARD = "gnu++14";
				CLANG_CXX_LIBRARY = "libc++";
				CLANG_ENABLE_MODULES = YES;
				CLANG_ENABLE_OBJC_ARC = YES;
				CLANG_ENABLE_OBJC_WEAK = YES;
				CLANG_WARN_BLOCK_CAPTURE_AUTORELEASING = YES;
				CLANG_WARN_BOOL_CONVERSION = YES;
				CLANG_WARN_COMMA = YES;
				CLANG_WARN_CONSTANT_CONVERSION = YES;
				CLANG_WARN_DEPRECATED_OBJC_IMPLEMENTATIONS = YES;
				CLANG_WARN_DIRECT_OBJC_ISA_USAGE = YES_ERROR;
				CLANG_WARN_DOCUMENTATION_COMMENTS = YES;
				CLANG_WARN_EMPTY_BODY = YES;
				CLANG_WARN_ENUM_CONVERSION = YES;
				CLANG_WARN_INFINITE_RECURSION = YES;
				CLANG_WARN_INT_CONVERSION = YES;
				CLANG_WARN_NON_LITERAL_NULL_CONVERSION = YES;
				CLANG_WARN_OBJC_IMPLICIT_RETAIN_SELF = YES;
				CLANG_WARN_OBJC_LITERAL_CONVERSION = YES;
				CLANG_WARN_OBJC_ROOT_CLASS = YES_ERROR;
				CLANG_WARN_RANGE_LOOP_ANALYSIS = YES;
				CLANG_WARN_STRICT_PROTOTYPES = YES;
				CLANG_WARN_SUSPICIOUS_MOVE = YES;
				CLANG_WARN_UNGUARDED_AVAILABILITY = YES_AGGRESSIVE;
				CLANG_WARN_UNREACHABLE_CODE = YES;
				CLANG_WARN__DUPLICATE_METHOD_MATCH = YES;
				COPY_PHASE_STRIP = NO;
				CURRENT_PROJECT_VERSION = 1;
				DEBUG_INFORMATION_FORMAT = "dwarf-with-dsym";
				ENABLE_NS_ASSERTIONS = NO;
				ENABLE_STRICT_OBJC_MSGSEND = YES;
				GCC_C_LANGUAGE_STANDARD = gnu11;
				GCC_NO_COMMON_BLOCKS = YES;
				GCC_WARN_64_TO_32_BIT_CONVERSION = YES;
				GCC_WARN_ABOUT_RETURN_TYPE = YES_ERROR;
				GCC_WARN_UNDECLARED_SELECTOR = YES;
				GCC_WARN_UNINITIALIZED_AUTOS = YES_AGGRESSIVE;
				GCC_WARN_UNUSED_FUNCTION = YES;
				GCC_WARN_UNUSED_VARIABLE = YES;
				IPHONEOS_DEPLOYMENT_TARGET = 12.0;
				MTL_ENABLE_DEBUG_INFO = NO;
				MTL_FAST_MATH = YES;
				SDKROOT = iphoneos;
				SWIFT_COMPILATION_MODE = wholemodule;
				SWIFT_OPTIMIZATION_LEVEL = "-O";
				TARGETED_DEVICE_FAMILY = "1,2";
				VALIDATE_PRODUCT = YES;
				VERSIONING_SYSTEM = "apple-generic";
				VERSION_INFO_PREFIX = "";
			};
			name = Release;
		};
		1BB214DB23BB2778008B84A0 /* Debug */ = {
			isa = XCBuildConfiguration;
			buildSettings = {
				CLANG_ENABLE_MODULES = YES;
				CODE_SIGN_STYLE = Automatic;
				DEFINES_MODULE = YES;
				DYLIB_COMPATIBILITY_VERSION = 1;
				DYLIB_CURRENT_VERSION = 1;
				DYLIB_INSTALL_NAME_BASE = "@rpath";
				INFOPLIST_FILE = Sources/Info.plist;
				INSTALL_PATH = "$(LOCAL_LIBRARY_DIR)/Frameworks";
				IPHONEOS_DEPLOYMENT_TARGET = 12.0;
				LD_RUNPATH_SEARCH_PATHS = (
					"$(inherited)",
					"@executable_path/Frameworks",
					"@loader_path/Frameworks",
				);
				PRODUCT_BUNDLE_IDENTIFIER = com.rajdeep.Proton;
				PRODUCT_NAME = "$(TARGET_NAME:c99extidentifier)";
				SKIP_INSTALL = YES;
				SWIFT_OPTIMIZATION_LEVEL = "-Onone";
				SWIFT_VERSION = 5.0;
				TARGETED_DEVICE_FAMILY = "1,2";
				TVOS_DEPLOYMENT_TARGET = 12.0;
				WATCHOS_DEPLOYMENT_TARGET = 5.0;
			};
			name = Debug;
		};
		1BB214DC23BB2778008B84A0 /* Release */ = {
			isa = XCBuildConfiguration;
			buildSettings = {
				CLANG_ENABLE_MODULES = YES;
				CODE_SIGN_STYLE = Automatic;
				DEFINES_MODULE = YES;
				DYLIB_COMPATIBILITY_VERSION = 1;
				DYLIB_CURRENT_VERSION = 1;
				DYLIB_INSTALL_NAME_BASE = "@rpath";
				INFOPLIST_FILE = Sources/Info.plist;
				INSTALL_PATH = "$(LOCAL_LIBRARY_DIR)/Frameworks";
				IPHONEOS_DEPLOYMENT_TARGET = 12.0;
				LD_RUNPATH_SEARCH_PATHS = (
					"$(inherited)",
					"@executable_path/Frameworks",
					"@loader_path/Frameworks",
				);
				PRODUCT_BUNDLE_IDENTIFIER = com.rajdeep.Proton;
				PRODUCT_NAME = "$(TARGET_NAME:c99extidentifier)";
				SKIP_INSTALL = YES;
				SWIFT_VERSION = 5.0;
				TARGETED_DEVICE_FAMILY = "1,2";
				TVOS_DEPLOYMENT_TARGET = 12.0;
				WATCHOS_DEPLOYMENT_TARGET = 5.0;
			};
			name = Release;
		};
		1BB214DE23BB2778008B84A0 /* Debug */ = {
			isa = XCBuildConfiguration;
			buildSettings = {
				ALWAYS_EMBED_SWIFT_STANDARD_LIBRARIES = YES;
				CODE_SIGN_STYLE = Automatic;
				FRAMEWORK_SEARCH_PATHS = "$(SRCROOT)/../Carthage/Build/**";
				INFOPLIST_FILE = Tests/Info.plist;
				IPHONEOS_DEPLOYMENT_TARGET = 12.0;
				LD_RUNPATH_SEARCH_PATHS = (
					"$(inherited)",
					"@executable_path/Frameworks",
					"@loader_path/Frameworks",
				);
				PRODUCT_BUNDLE_IDENTIFIER = com.rajdeep.ProtonTests;
				PRODUCT_NAME = "$(TARGET_NAME)";
				SWIFT_VERSION = 5.0;
				TARGETED_DEVICE_FAMILY = "1,2";
			};
			name = Debug;
		};
		1BB214DF23BB2778008B84A0 /* Release */ = {
			isa = XCBuildConfiguration;
			buildSettings = {
				ALWAYS_EMBED_SWIFT_STANDARD_LIBRARIES = YES;
				CODE_SIGN_STYLE = Automatic;
				FRAMEWORK_SEARCH_PATHS = "$(SRCROOT)/../Carthage/Build/**";
				INFOPLIST_FILE = Tests/Info.plist;
				IPHONEOS_DEPLOYMENT_TARGET = 12.0;
				LD_RUNPATH_SEARCH_PATHS = (
					"$(inherited)",
					"@executable_path/Frameworks",
					"@loader_path/Frameworks",
				);
				PRODUCT_BUNDLE_IDENTIFIER = com.rajdeep.ProtonTests;
				PRODUCT_NAME = "$(TARGET_NAME)";
				SWIFT_VERSION = 5.0;
				TARGETED_DEVICE_FAMILY = "1,2";
			};
			name = Release;
		};
/* End XCBuildConfiguration section */

/* Begin XCConfigurationList section */
		1BB214C023BB2778008B84A0 /* Build configuration list for PBXProject "Proton" */ = {
			isa = XCConfigurationList;
			buildConfigurations = (
				1BB214D823BB2778008B84A0 /* Debug */,
				1BB214D923BB2778008B84A0 /* Release */,
			);
			defaultConfigurationIsVisible = 0;
			defaultConfigurationName = Release;
		};
		1BB214DA23BB2778008B84A0 /* Build configuration list for PBXNativeTarget "Proton" */ = {
			isa = XCConfigurationList;
			buildConfigurations = (
				1BB214DB23BB2778008B84A0 /* Debug */,
				1BB214DC23BB2778008B84A0 /* Release */,
			);
			defaultConfigurationIsVisible = 0;
			defaultConfigurationName = Release;
		};
		1BB214DD23BB2778008B84A0 /* Build configuration list for PBXNativeTarget "ProtonTests" */ = {
			isa = XCConfigurationList;
			buildConfigurations = (
				1BB214DE23BB2778008B84A0 /* Debug */,
				1BB214DF23BB2778008B84A0 /* Release */,
			);
			defaultConfigurationIsVisible = 0;
			defaultConfigurationName = Release;
		};
/* End XCConfigurationList section */
	};
	rootObject = 1BB214BD23BB2778008B84A0 /* Project object */;
}
