// !$*UTF8*$!
{
	archiveVersion = 1;
	classes = {
	};
	objectVersion = 50;
	objects = {

/* Begin PBXBuildFile section */
		1B0EA92C270432C200328468 /* ProtonCore.framework in Frameworks */ = {isa = PBXBuildFile; fileRef = 1B0EA92B270432C200328468 /* ProtonCore.framework */; };
		1B0EA92D270432CC00328468 /* ProtonCore.framework in Copy Frameworks */ = {isa = PBXBuildFile; fileRef = 1B0EA92B270432C200328468 /* ProtonCore.framework */; settings = {ATTRIBUTES = (CodeSignOnCopy, RemoveHeadersOnCopy, ); }; };
		1B164F2E23D282A500A0869A /* JSONDecoder.swift in Sources */ = {isa = PBXBuildFile; fileRef = 1B164F2923D282A500A0869A /* JSONDecoder.swift */; };
		1B164F2F23D282A500A0869A /* PanelDecoder.swift in Sources */ = {isa = PBXBuildFile; fileRef = 1B164F2B23D282A500A0869A /* PanelDecoder.swift */; };
		1B164F3023D282A500A0869A /* TextDecoder.swift in Sources */ = {isa = PBXBuildFile; fileRef = 1B164F2C23D282A500A0869A /* TextDecoder.swift */; };
		1B164F3123D282A500A0869A /* ParagraphDecoder.swift in Sources */ = {isa = PBXBuildFile; fileRef = 1B164F2D23D282A500A0869A /* ParagraphDecoder.swift */; };
		1B164F3323D2849A00A0869A /* AttributesDecoding.swift in Sources */ = {isa = PBXBuildFile; fileRef = 1B164F3223D2849A00A0869A /* AttributesDecoding.swift */; };
		1B164F3523D2850100A0869A /* UIFontDecoder.swift in Sources */ = {isa = PBXBuildFile; fileRef = 1B164F3423D2850100A0869A /* UIFontDecoder.swift */; };
		1B164F3723D2854400A0869A /* ParagraphStyleDecoder.swift in Sources */ = {isa = PBXBuildFile; fileRef = 1B164F3623D2854400A0869A /* ParagraphStyleDecoder.swift */; };
		1B164F3B23D286D300A0869A /* SampleDoc.json in Resources */ = {isa = PBXBuildFile; fileRef = 1B164F3A23D286D300A0869A /* SampleDoc.json */; };
		1B164F3D23D289B400A0869A /* BundleExtensions.swift in Sources */ = {isa = PBXBuildFile; fileRef = 1B164F3C23D289B400A0869A /* BundleExtensions.swift */; };
		1B164F3F23D29BF200A0869A /* ScrollCommand.swift in Sources */ = {isa = PBXBuildFile; fileRef = 1B164F3E23D29BF200A0869A /* ScrollCommand.swift */; };
		1B164F4323D2A5A000A0869A /* ResetCommand.swift in Sources */ = {isa = PBXBuildFile; fileRef = 1B164F4223D2A5A000A0869A /* ResetCommand.swift */; };
		1B183D8423CE8C8500AE83E5 /* RendererCommandExampleViewController.swift in Sources */ = {isa = PBXBuildFile; fileRef = 1B183D8323CE8C8500AE83E5 /* RendererCommandExampleViewController.swift */; };
		1B183D9623CEF33600AE83E5 /* EncodeContentsCommand.swift in Sources */ = {isa = PBXBuildFile; fileRef = 1B183D9523CEF33600AE83E5 /* EncodeContentsCommand.swift */; };
		1B183D9923CEF45000AE83E5 /* JSONEncoder.swift in Sources */ = {isa = PBXBuildFile; fileRef = 1B183D9823CEF45000AE83E5 /* JSONEncoder.swift */; };
		1B183D9C23CEF65300AE83E5 /* ParagraphEncoder.swift in Sources */ = {isa = PBXBuildFile; fileRef = 1B183D9B23CEF65300AE83E5 /* ParagraphEncoder.swift */; };
		1B183D9E23CEF6F200AE83E5 /* ParagraphStyle+Codables.swift in Sources */ = {isa = PBXBuildFile; fileRef = 1B183D9D23CEF6F200AE83E5 /* ParagraphStyle+Codables.swift */; };
		1B183DA023CEF73C00AE83E5 /* TextEncoder.swift in Sources */ = {isa = PBXBuildFile; fileRef = 1B183D9F23CEF73C00AE83E5 /* TextEncoder.swift */; };
		1B183DA223CEF7D600AE83E5 /* PanelEncoder.swift in Sources */ = {isa = PBXBuildFile; fileRef = 1B183DA123CEF7D600AE83E5 /* PanelEncoder.swift */; };
		1B1C3725244B05F60028E1ED /* MenuExampleViewController.swift in Sources */ = {isa = PBXBuildFile; fileRef = 1B1C3724244B05F60028E1ED /* MenuExampleViewController.swift */; };
		1B26BD8A2868325D00E45C16 /* HighlightTextCommand.swift in Sources */ = {isa = PBXBuildFile; fileRef = 1B26BD892868325D00E45C16 /* HighlightTextCommand.swift */; };
		1B275F362463809200D5C377 /* TextBlockCommand.swift in Sources */ = {isa = PBXBuildFile; fileRef = 1B275F352463809200D5C377 /* TextBlockCommand.swift */; };
		1B2DA74D23F0C39B00F7EC52 /* DummyCollabCommand.swift in Sources */ = {isa = PBXBuildFile; fileRef = 1B2DA74C23F0C39B00F7EC52 /* DummyCollabCommand.swift */; };
		1B45CD8B23BDD3E9001EB196 /* AutogrowingEditorViewExampleViewController.swift in Sources */ = {isa = PBXBuildFile; fileRef = 1B45CD8A23BDD3E9001EB196 /* AutogrowingEditorViewExampleViewController.swift */; };
		1B45CD8D23BDD5FC001EB196 /* ExamplesBaseViewController.swift in Sources */ = {isa = PBXBuildFile; fileRef = 1B45CD8C23BDD5FC001EB196 /* ExamplesBaseViewController.swift */; };
		1B617A9C2838874F00095FEE /* ExpandableView.swift in Sources */ = {isa = PBXBuildFile; fileRef = 1B617A9B2838874F00095FEE /* ExpandableView.swift */; };
		1B617A9E28388A1900095FEE /* ExpandableViewAttachment.swift in Sources */ = {isa = PBXBuildFile; fileRef = 1B617A9D28388A1900095FEE /* ExpandableViewAttachment.swift */; };
		1B617AA028388AA700095FEE /* ExpandCommand.swift in Sources */ = {isa = PBXBuildFile; fileRef = 1B617A9F28388AA700095FEE /* ExpandCommand.swift */; };
		1B65BE5727054BB800BF5C52 /* TableViewExampleViewController.swift in Sources */ = {isa = PBXBuildFile; fileRef = 1B65BE5627054BB800BF5C52 /* TableViewExampleViewController.swift */; };
		1B6D2FD123BD46ED0019CE40 /* AppDelegate.swift in Sources */ = {isa = PBXBuildFile; fileRef = 1B6D2FD023BD46ED0019CE40 /* AppDelegate.swift */; };
		1B6D2FD323BD46ED0019CE40 /* MasterViewController.swift in Sources */ = {isa = PBXBuildFile; fileRef = 1B6D2FD223BD46ED0019CE40 /* MasterViewController.swift */; };
		1B6D2FD823BD46ED0019CE40 /* Main.storyboard in Resources */ = {isa = PBXBuildFile; fileRef = 1B6D2FD623BD46ED0019CE40 /* Main.storyboard */; };
		1B6D2FDA23BD46F10019CE40 /* Assets.xcassets in Resources */ = {isa = PBXBuildFile; fileRef = 1B6D2FD923BD46F10019CE40 /* Assets.xcassets */; };
		1B6D2FDD23BD46F10019CE40 /* LaunchScreen.storyboard in Resources */ = {isa = PBXBuildFile; fileRef = 1B6D2FDB23BD46F10019CE40 /* LaunchScreen.storyboard */; };
		1B6D2FE823BD46F20019CE40 /* ExampleAppTests.swift in Sources */ = {isa = PBXBuildFile; fileRef = 1B6D2FE723BD46F20019CE40 /* ExampleAppTests.swift */; };
		1B6D2FF323BD46F20019CE40 /* ExampleAppUITests.swift in Sources */ = {isa = PBXBuildFile; fileRef = 1B6D2FF223BD46F20019CE40 /* ExampleAppUITests.swift */; };
		1B6DE9DE23C598F1007F9859 /* CommandsExampleViewController.swift in Sources */ = {isa = PBXBuildFile; fileRef = 1B6DE9DD23C598F1007F9859 /* CommandsExampleViewController.swift */; };
		1B6DE9E123C59A16007F9859 /* PanelCommand.swift in Sources */ = {isa = PBXBuildFile; fileRef = 1B6DE9E023C59A16007F9859 /* PanelCommand.swift */; };
		1B872B9F23EE73170070A92A /* UIViewExtensions.swift in Sources */ = {isa = PBXBuildFile; fileRef = 1B872B9E23EE73170070A92A /* UIViewExtensions.swift */; };
		1B91F4B623C73D01003F9B55 /* TypeaheadTextProcessor.swift in Sources */ = {isa = PBXBuildFile; fileRef = 1B91F4B523C73D01003F9B55 /* TypeaheadTextProcessor.swift */; };
		1B91F4B823C73D3C003F9B55 /* MarkupTextProcessor.swift in Sources */ = {isa = PBXBuildFile; fileRef = 1B91F4B723C73D3C003F9B55 /* MarkupTextProcessor.swift */; };
		1B91F4BA23C73D96003F9B55 /* TextProcessorExampleViewController.swift in Sources */ = {isa = PBXBuildFile; fileRef = 1B91F4B923C73D96003F9B55 /* TextProcessorExampleViewController.swift */; };
		1BB8904223C5A74700F087AE /* Proton.framework in Copy Frameworks */ = {isa = PBXBuildFile; fileRef = 1BFFEF0223C3048E00D2BA35 /* Proton.framework */; settings = {ATTRIBUTES = (CodeSignOnCopy, RemoveHeadersOnCopy, ); }; };
		1BD1BE72289745D800FA8AE4 /* GridViewAttachment.swift in Sources */ = {isa = PBXBuildFile; fileRef = 1BD1BE71289745D800FA8AE4 /* GridViewAttachment.swift */; };
		1BD1BE78289746C900FA8AE4 /* CreateGridViewCommand.swift in Sources */ = {isa = PBXBuildFile; fileRef = 1BD1BE77289746C900FA8AE4 /* CreateGridViewCommand.swift */; };
		1BD424002BC4C8560046F0C7 /* TableViewAttachment.swift in Sources */ = {isa = PBXBuildFile; fileRef = 1BD423FF2BC4C8560046F0C7 /* TableViewAttachment.swift */; };
		1BD424032BC4C8DD0046F0C7 /* TableViewCommand.swift in Sources */ = {isa = PBXBuildFile; fileRef = 1BD424022BC4C8DD0046F0C7 /* TableViewCommand.swift */; };
		1BD993C223CA8FD200563ACB /* PanelAttachment.swift in Sources */ = {isa = PBXBuildFile; fileRef = 1BD993C123CA8FD200563ACB /* PanelAttachment.swift */; };
		1BFFEEFE23C2D3E500D2BA35 /* MatchContentAttachmentExampleViewController.swift in Sources */ = {isa = PBXBuildFile; fileRef = 1BFFEEFD23C2D3E500D2BA35 /* MatchContentAttachmentExampleViewController.swift */; };
		1BFFEF0023C303F100D2BA35 /* AutogrowingTextField.swift in Sources */ = {isa = PBXBuildFile; fileRef = 1BFFEEFF23C303F100D2BA35 /* AutogrowingTextField.swift */; };
		1BFFEF0323C3048E00D2BA35 /* Proton.framework in Frameworks */ = {isa = PBXBuildFile; fileRef = 1BFFEF0223C3048E00D2BA35 /* Proton.framework */; };
		1BFFEF0723C30B8E00D2BA35 /* FullWidthAttachmentExampleViewController.swift in Sources */ = {isa = PBXBuildFile; fileRef = 1BFFEF0623C30B8E00D2BA35 /* FullWidthAttachmentExampleViewController.swift */; };
		1BFFEF0A23C30C9900D2BA35 /* PanelView.swift in Sources */ = {isa = PBXBuildFile; fileRef = 1BFFEF0923C30C9900D2BA35 /* PanelView.swift */; };
		1BFFEF0E23C3228900D2BA35 /* FixedWidthAttachmentExampleViewController.swift in Sources */ = {isa = PBXBuildFile; fileRef = 1BFFEF0D23C3228900D2BA35 /* FixedWidthAttachmentExampleViewController.swift */; };
		1BFFEF1023C32B5A00D2BA35 /* WidthRangeAttachmentExampleViewController.swift in Sources */ = {isa = PBXBuildFile; fileRef = 1BFFEF0F23C32B5A00D2BA35 /* WidthRangeAttachmentExampleViewController.swift */; };
		1BFFEF1223C3310A00D2BA35 /* PercentWidthAttachmentExampleViewController.swift in Sources */ = {isa = PBXBuildFile; fileRef = 1BFFEF1123C3310A00D2BA35 /* PercentWidthAttachmentExampleViewController.swift */; };
/* End PBXBuildFile section */

/* Begin PBXContainerItemProxy section */
		1B6D2FE423BD46F20019CE40 /* PBXContainerItemProxy */ = {
			isa = PBXContainerItemProxy;
			containerPortal = 1B6D2FC523BD46ED0019CE40 /* Project object */;
			proxyType = 1;
			remoteGlobalIDString = 1B6D2FCC23BD46ED0019CE40;
			remoteInfo = ExampleApp;
		};
		1B6D2FEF23BD46F20019CE40 /* PBXContainerItemProxy */ = {
			isa = PBXContainerItemProxy;
			containerPortal = 1B6D2FC523BD46ED0019CE40 /* Project object */;
			proxyType = 1;
			remoteGlobalIDString = 1B6D2FCC23BD46ED0019CE40;
			remoteInfo = ExampleApp;
		};
/* End PBXContainerItemProxy section */

/* Begin PBXCopyFilesBuildPhase section */
		1BB8904123C5A73500F087AE /* Copy Frameworks */ = {
			isa = PBXCopyFilesBuildPhase;
			buildActionMask = 2147483647;
			dstPath = "";
			dstSubfolderSpec = 10;
			files = (
				1B0EA92D270432CC00328468 /* ProtonCore.framework in Copy Frameworks */,
				1BB8904223C5A74700F087AE /* Proton.framework in Copy Frameworks */,
			);
			name = "Copy Frameworks";
			runOnlyForDeploymentPostprocessing = 0;
		};
/* End PBXCopyFilesBuildPhase section */

/* Begin PBXFileReference section */
		1B0EA92B270432C200328468 /* ProtonCore.framework */ = {isa = PBXFileReference; explicitFileType = wrapper.framework; path = ProtonCore.framework; sourceTree = BUILT_PRODUCTS_DIR; };
		1B164F2923D282A500A0869A /* JSONDecoder.swift */ = {isa = PBXFileReference; fileEncoding = 4; lastKnownFileType = sourcecode.swift; path = JSONDecoder.swift; sourceTree = "<group>"; };
		1B164F2B23D282A500A0869A /* PanelDecoder.swift */ = {isa = PBXFileReference; fileEncoding = 4; lastKnownFileType = sourcecode.swift; path = PanelDecoder.swift; sourceTree = "<group>"; };
		1B164F2C23D282A500A0869A /* TextDecoder.swift */ = {isa = PBXFileReference; fileEncoding = 4; lastKnownFileType = sourcecode.swift; path = TextDecoder.swift; sourceTree = "<group>"; };
		1B164F2D23D282A500A0869A /* ParagraphDecoder.swift */ = {isa = PBXFileReference; fileEncoding = 4; lastKnownFileType = sourcecode.swift; path = ParagraphDecoder.swift; sourceTree = "<group>"; };
		1B164F3223D2849A00A0869A /* AttributesDecoding.swift */ = {isa = PBXFileReference; lastKnownFileType = sourcecode.swift; path = AttributesDecoding.swift; sourceTree = "<group>"; };
		1B164F3423D2850100A0869A /* UIFontDecoder.swift */ = {isa = PBXFileReference; lastKnownFileType = sourcecode.swift; path = UIFontDecoder.swift; sourceTree = "<group>"; };
		1B164F3623D2854400A0869A /* ParagraphStyleDecoder.swift */ = {isa = PBXFileReference; lastKnownFileType = sourcecode.swift; path = ParagraphStyleDecoder.swift; sourceTree = "<group>"; };
		1B164F3A23D286D300A0869A /* SampleDoc.json */ = {isa = PBXFileReference; lastKnownFileType = text.json; path = SampleDoc.json; sourceTree = "<group>"; };
		1B164F3C23D289B400A0869A /* BundleExtensions.swift */ = {isa = PBXFileReference; lastKnownFileType = sourcecode.swift; path = BundleExtensions.swift; sourceTree = "<group>"; };
		1B164F3E23D29BF200A0869A /* ScrollCommand.swift */ = {isa = PBXFileReference; lastKnownFileType = sourcecode.swift; path = ScrollCommand.swift; sourceTree = "<group>"; };
		1B164F4223D2A5A000A0869A /* ResetCommand.swift */ = {isa = PBXFileReference; lastKnownFileType = sourcecode.swift; path = ResetCommand.swift; sourceTree = "<group>"; };
		1B183D8323CE8C8500AE83E5 /* RendererCommandExampleViewController.swift */ = {isa = PBXFileReference; lastKnownFileType = sourcecode.swift; path = RendererCommandExampleViewController.swift; sourceTree = "<group>"; };
		1B183D9523CEF33600AE83E5 /* EncodeContentsCommand.swift */ = {isa = PBXFileReference; lastKnownFileType = sourcecode.swift; path = EncodeContentsCommand.swift; sourceTree = "<group>"; };
		1B183D9823CEF45000AE83E5 /* JSONEncoder.swift */ = {isa = PBXFileReference; lastKnownFileType = sourcecode.swift; path = JSONEncoder.swift; sourceTree = "<group>"; };
		1B183D9B23CEF65300AE83E5 /* ParagraphEncoder.swift */ = {isa = PBXFileReference; lastKnownFileType = sourcecode.swift; path = ParagraphEncoder.swift; sourceTree = "<group>"; };
		1B183D9D23CEF6F200AE83E5 /* ParagraphStyle+Codables.swift */ = {isa = PBXFileReference; lastKnownFileType = sourcecode.swift; path = "ParagraphStyle+Codables.swift"; sourceTree = "<group>"; };
		1B183D9F23CEF73C00AE83E5 /* TextEncoder.swift */ = {isa = PBXFileReference; lastKnownFileType = sourcecode.swift; path = TextEncoder.swift; sourceTree = "<group>"; };
		1B183DA123CEF7D600AE83E5 /* PanelEncoder.swift */ = {isa = PBXFileReference; lastKnownFileType = sourcecode.swift; path = PanelEncoder.swift; sourceTree = "<group>"; };
		1B1C3724244B05F60028E1ED /* MenuExampleViewController.swift */ = {isa = PBXFileReference; lastKnownFileType = sourcecode.swift; path = MenuExampleViewController.swift; sourceTree = "<group>"; };
		1B26BD892868325D00E45C16 /* HighlightTextCommand.swift */ = {isa = PBXFileReference; lastKnownFileType = sourcecode.swift; path = HighlightTextCommand.swift; sourceTree = "<group>"; };
		1B275F352463809200D5C377 /* TextBlockCommand.swift */ = {isa = PBXFileReference; lastKnownFileType = sourcecode.swift; path = TextBlockCommand.swift; sourceTree = "<group>"; };
		1B2DA74C23F0C39B00F7EC52 /* DummyCollabCommand.swift */ = {isa = PBXFileReference; lastKnownFileType = sourcecode.swift; path = DummyCollabCommand.swift; sourceTree = "<group>"; };
		1B45CD8A23BDD3E9001EB196 /* AutogrowingEditorViewExampleViewController.swift */ = {isa = PBXFileReference; lastKnownFileType = sourcecode.swift; path = AutogrowingEditorViewExampleViewController.swift; sourceTree = "<group>"; };
		1B45CD8C23BDD5FC001EB196 /* ExamplesBaseViewController.swift */ = {isa = PBXFileReference; lastKnownFileType = sourcecode.swift; path = ExamplesBaseViewController.swift; sourceTree = "<group>"; };
		1B5B599423D30B260043ADEA /* ExampleApp.entitlements */ = {isa = PBXFileReference; lastKnownFileType = text.plist.entitlements; path = ExampleApp.entitlements; sourceTree = "<group>"; };
		1B617A9B2838874F00095FEE /* ExpandableView.swift */ = {isa = PBXFileReference; lastKnownFileType = sourcecode.swift; path = ExpandableView.swift; sourceTree = "<group>"; };
		1B617A9D28388A1900095FEE /* ExpandableViewAttachment.swift */ = {isa = PBXFileReference; lastKnownFileType = sourcecode.swift; path = ExpandableViewAttachment.swift; sourceTree = "<group>"; };
		1B617A9F28388AA700095FEE /* ExpandCommand.swift */ = {isa = PBXFileReference; lastKnownFileType = sourcecode.swift; path = ExpandCommand.swift; sourceTree = "<group>"; };
		1B65BE5627054BB800BF5C52 /* TableViewExampleViewController.swift */ = {isa = PBXFileReference; lastKnownFileType = sourcecode.swift; path = TableViewExampleViewController.swift; sourceTree = "<group>"; };
		1B6D2FCD23BD46ED0019CE40 /* ExampleApp.app */ = {isa = PBXFileReference; explicitFileType = wrapper.application; includeInIndex = 0; path = ExampleApp.app; sourceTree = BUILT_PRODUCTS_DIR; };
		1B6D2FD023BD46ED0019CE40 /* AppDelegate.swift */ = {isa = PBXFileReference; lastKnownFileType = sourcecode.swift; path = AppDelegate.swift; sourceTree = "<group>"; };
		1B6D2FD223BD46ED0019CE40 /* MasterViewController.swift */ = {isa = PBXFileReference; lastKnownFileType = sourcecode.swift; path = MasterViewController.swift; sourceTree = "<group>"; };
		1B6D2FD723BD46ED0019CE40 /* Base */ = {isa = PBXFileReference; lastKnownFileType = file.storyboard; name = Base; path = Base.lproj/Main.storyboard; sourceTree = "<group>"; };
		1B6D2FD923BD46F10019CE40 /* Assets.xcassets */ = {isa = PBXFileReference; lastKnownFileType = folder.assetcatalog; path = Assets.xcassets; sourceTree = "<group>"; };
		1B6D2FDC23BD46F10019CE40 /* Base */ = {isa = PBXFileReference; lastKnownFileType = file.storyboard; name = Base; path = Base.lproj/LaunchScreen.storyboard; sourceTree = "<group>"; };
		1B6D2FDE23BD46F10019CE40 /* Info.plist */ = {isa = PBXFileReference; lastKnownFileType = text.plist.xml; path = Info.plist; sourceTree = "<group>"; };
		1B6D2FE323BD46F20019CE40 /* ExampleAppTests.xctest */ = {isa = PBXFileReference; explicitFileType = wrapper.cfbundle; includeInIndex = 0; path = ExampleAppTests.xctest; sourceTree = BUILT_PRODUCTS_DIR; };
		1B6D2FE723BD46F20019CE40 /* ExampleAppTests.swift */ = {isa = PBXFileReference; lastKnownFileType = sourcecode.swift; path = ExampleAppTests.swift; sourceTree = "<group>"; };
		1B6D2FE923BD46F20019CE40 /* Info.plist */ = {isa = PBXFileReference; lastKnownFileType = text.plist.xml; path = Info.plist; sourceTree = "<group>"; };
		1B6D2FEE23BD46F20019CE40 /* ExampleAppUITests.xctest */ = {isa = PBXFileReference; explicitFileType = wrapper.cfbundle; includeInIndex = 0; path = ExampleAppUITests.xctest; sourceTree = BUILT_PRODUCTS_DIR; };
		1B6D2FF223BD46F20019CE40 /* ExampleAppUITests.swift */ = {isa = PBXFileReference; lastKnownFileType = sourcecode.swift; path = ExampleAppUITests.swift; sourceTree = "<group>"; };
		1B6D2FF423BD46F20019CE40 /* Info.plist */ = {isa = PBXFileReference; lastKnownFileType = text.plist.xml; path = Info.plist; sourceTree = "<group>"; };
		1B6DE9DD23C598F1007F9859 /* CommandsExampleViewController.swift */ = {isa = PBXFileReference; lastKnownFileType = sourcecode.swift; path = CommandsExampleViewController.swift; sourceTree = "<group>"; };
		1B6DE9E023C59A16007F9859 /* PanelCommand.swift */ = {isa = PBXFileReference; lastKnownFileType = sourcecode.swift; path = PanelCommand.swift; sourceTree = "<group>"; };
		1B872B9E23EE73170070A92A /* UIViewExtensions.swift */ = {isa = PBXFileReference; lastKnownFileType = sourcecode.swift; path = UIViewExtensions.swift; sourceTree = "<group>"; };
		1B8D81FF243F3221009AD38A /* ProtonExtensions.framework */ = {isa = PBXFileReference; explicitFileType = wrapper.framework; path = ProtonExtensions.framework; sourceTree = BUILT_PRODUCTS_DIR; };
		1B91F4B523C73D01003F9B55 /* TypeaheadTextProcessor.swift */ = {isa = PBXFileReference; lastKnownFileType = sourcecode.swift; path = TypeaheadTextProcessor.swift; sourceTree = "<group>"; };
		1B91F4B723C73D3C003F9B55 /* MarkupTextProcessor.swift */ = {isa = PBXFileReference; lastKnownFileType = sourcecode.swift; path = MarkupTextProcessor.swift; sourceTree = "<group>"; };
		1B91F4B923C73D96003F9B55 /* TextProcessorExampleViewController.swift */ = {isa = PBXFileReference; lastKnownFileType = sourcecode.swift; path = TextProcessorExampleViewController.swift; sourceTree = "<group>"; };
		1BD1BE71289745D800FA8AE4 /* GridViewAttachment.swift */ = {isa = PBXFileReference; lastKnownFileType = sourcecode.swift; path = GridViewAttachment.swift; sourceTree = "<group>"; };
		1BD1BE77289746C900FA8AE4 /* CreateGridViewCommand.swift */ = {isa = PBXFileReference; fileEncoding = 4; lastKnownFileType = sourcecode.swift; path = CreateGridViewCommand.swift; sourceTree = "<group>"; };
		1BD423FF2BC4C8560046F0C7 /* TableViewAttachment.swift */ = {isa = PBXFileReference; lastKnownFileType = sourcecode.swift; path = TableViewAttachment.swift; sourceTree = "<group>"; };
		1BD424022BC4C8DD0046F0C7 /* TableViewCommand.swift */ = {isa = PBXFileReference; lastKnownFileType = sourcecode.swift; path = TableViewCommand.swift; sourceTree = "<group>"; };
		1BD993C123CA8FD200563ACB /* PanelAttachment.swift */ = {isa = PBXFileReference; lastKnownFileType = sourcecode.swift; path = PanelAttachment.swift; sourceTree = "<group>"; };
		1BFFEEFD23C2D3E500D2BA35 /* MatchContentAttachmentExampleViewController.swift */ = {isa = PBXFileReference; lastKnownFileType = sourcecode.swift; path = MatchContentAttachmentExampleViewController.swift; sourceTree = "<group>"; };
		1BFFEEFF23C303F100D2BA35 /* AutogrowingTextField.swift */ = {isa = PBXFileReference; lastKnownFileType = sourcecode.swift; path = AutogrowingTextField.swift; sourceTree = "<group>"; };
		1BFFEF0223C3048E00D2BA35 /* Proton.framework */ = {isa = PBXFileReference; explicitFileType = wrapper.framework; path = Proton.framework; sourceTree = BUILT_PRODUCTS_DIR; };
		1BFFEF0623C30B8E00D2BA35 /* FullWidthAttachmentExampleViewController.swift */ = {isa = PBXFileReference; lastKnownFileType = sourcecode.swift; path = FullWidthAttachmentExampleViewController.swift; sourceTree = "<group>"; };
		1BFFEF0923C30C9900D2BA35 /* PanelView.swift */ = {isa = PBXFileReference; lastKnownFileType = sourcecode.swift; path = PanelView.swift; sourceTree = "<group>"; };
		1BFFEF0D23C3228900D2BA35 /* FixedWidthAttachmentExampleViewController.swift */ = {isa = PBXFileReference; lastKnownFileType = sourcecode.swift; path = FixedWidthAttachmentExampleViewController.swift; sourceTree = "<group>"; };
		1BFFEF0F23C32B5A00D2BA35 /* WidthRangeAttachmentExampleViewController.swift */ = {isa = PBXFileReference; lastKnownFileType = sourcecode.swift; path = WidthRangeAttachmentExampleViewController.swift; sourceTree = "<group>"; };
		1BFFEF1123C3310A00D2BA35 /* PercentWidthAttachmentExampleViewController.swift */ = {isa = PBXFileReference; lastKnownFileType = sourcecode.swift; path = PercentWidthAttachmentExampleViewController.swift; sourceTree = "<group>"; };
/* End PBXFileReference section */

/* Begin PBXFrameworksBuildPhase section */
		1B6D2FCA23BD46ED0019CE40 /* Frameworks */ = {
			isa = PBXFrameworksBuildPhase;
			buildActionMask = 2147483647;
			files = (
				1BFFEF0323C3048E00D2BA35 /* Proton.framework in Frameworks */,
				1B0EA92C270432C200328468 /* ProtonCore.framework in Frameworks */,
			);
			runOnlyForDeploymentPostprocessing = 0;
		};
		1B6D2FE023BD46F20019CE40 /* Frameworks */ = {
			isa = PBXFrameworksBuildPhase;
			buildActionMask = 2147483647;
			files = (
			);
			runOnlyForDeploymentPostprocessing = 0;
		};
		1B6D2FEB23BD46F20019CE40 /* Frameworks */ = {
			isa = PBXFrameworksBuildPhase;
			buildActionMask = 2147483647;
			files = (
			);
			runOnlyForDeploymentPostprocessing = 0;
		};
/* End PBXFrameworksBuildPhase section */

/* Begin PBXGroup section */
		1B164F2823D282A500A0869A /* Decoding */ = {
			isa = PBXGroup;
			children = (
				1B164F2923D282A500A0869A /* JSONDecoder.swift */,
				1B164F2A23D282A500A0869A /* Decoder */,
				1B164F3223D2849A00A0869A /* AttributesDecoding.swift */,
			);
			path = Decoding;
			sourceTree = "<group>";
		};
		1B164F2A23D282A500A0869A /* Decoder */ = {
			isa = PBXGroup;
			children = (
				1B164F2B23D282A500A0869A /* PanelDecoder.swift */,
				1B164F2C23D282A500A0869A /* TextDecoder.swift */,
				1B164F2D23D282A500A0869A /* ParagraphDecoder.swift */,
				1B164F3423D2850100A0869A /* UIFontDecoder.swift */,
				1B164F3623D2854400A0869A /* ParagraphStyleDecoder.swift */,
			);
			path = Decoder;
			sourceTree = "<group>";
		};
		1B164F3923D286B400A0869A /* Resources */ = {
			isa = PBXGroup;
			children = (
				1B164F3A23D286D300A0869A /* SampleDoc.json */,
			);
			path = Resources;
			sourceTree = "<group>";
		};
		1B183D8223CE8C5E00AE83E5 /* Renderer */ = {
			isa = PBXGroup;
			children = (
				1B183D8323CE8C8500AE83E5 /* RendererCommandExampleViewController.swift */,
			);
			path = Renderer;
			sourceTree = "<group>";
		};
		1B183D9723CEF42F00AE83E5 /* Encoding */ = {
			isa = PBXGroup;
			children = (
				1B183D9A23CEF64000AE83E5 /* Encoders */,
				1B183D9823CEF45000AE83E5 /* JSONEncoder.swift */,
			);
			path = Encoding;
			sourceTree = "<group>";
		};
		1B183D9A23CEF64000AE83E5 /* Encoders */ = {
			isa = PBXGroup;
			children = (
				1B183D9B23CEF65300AE83E5 /* ParagraphEncoder.swift */,
				1B183D9D23CEF6F200AE83E5 /* ParagraphStyle+Codables.swift */,
				1B183D9F23CEF73C00AE83E5 /* TextEncoder.swift */,
				1B183DA123CEF7D600AE83E5 /* PanelEncoder.swift */,
			);
			path = Encoders;
			sourceTree = "<group>";
		};
		1B1C3723244B05A90028E1ED /* Miscellaneous */ = {
			isa = PBXGroup;
			children = (
				1B1C3724244B05F60028E1ED /* MenuExampleViewController.swift */,
			);
			path = Miscellaneous;
			sourceTree = "<group>";
		};
		1B45CD8923BDD3B3001EB196 /* Basic */ = {
			isa = PBXGroup;
			children = (
				1B45CD8A23BDD3E9001EB196 /* AutogrowingEditorViewExampleViewController.swift */,
			);
			path = Basic;
			sourceTree = "<group>";
		};
		1B6D2FC423BD46ED0019CE40 = {
			isa = PBXGroup;
			children = (
				1B6D2FCF23BD46ED0019CE40 /* ExampleApp */,
				1B6D2FE623BD46F20019CE40 /* ExampleAppTests */,
				1B6D2FF123BD46F20019CE40 /* ExampleAppUITests */,
				1B6D2FCE23BD46ED0019CE40 /* Products */,
				1BFFEF0123C3048E00D2BA35 /* Frameworks */,
			);
			sourceTree = "<group>";
		};
		1B6D2FCE23BD46ED0019CE40 /* Products */ = {
			isa = PBXGroup;
			children = (
				1B6D2FCD23BD46ED0019CE40 /* ExampleApp.app */,
				1B6D2FE323BD46F20019CE40 /* ExampleAppTests.xctest */,
				1B6D2FEE23BD46F20019CE40 /* ExampleAppUITests.xctest */,
			);
			name = Products;
			sourceTree = "<group>";
		};
		1B6D2FCF23BD46ED0019CE40 /* ExampleApp */ = {
			isa = PBXGroup;
			children = (
				1B872B9D23EE73060070A92A /* Helpers */,
				1B5B599423D30B260043ADEA /* ExampleApp.entitlements */,
				1B164F3923D286B400A0869A /* Resources */,
				1B164F2823D282A500A0869A /* Decoding */,
				1B183D9723CEF42F00AE83E5 /* Encoding */,
				1B183D8223CE8C5E00AE83E5 /* Renderer */,
				1B91F4B423C73CEB003F9B55 /* TextProcessors */,
				1B6DE9DF23C599D8007F9859 /* Commands */,
				1B6DE9DC23C598AB007F9859 /* AdvancedFeatures */,
				1BFFEF0823C30C7600D2BA35 /* Views */,
				1BFFEEFC23C2D3AE00D2BA35 /* Attachments */,
				1B45CD8923BDD3B3001EB196 /* Basic */,
				1B1C3723244B05A90028E1ED /* Miscellaneous */,
				1B6D2FD023BD46ED0019CE40 /* AppDelegate.swift */,
				1B6D2FD223BD46ED0019CE40 /* MasterViewController.swift */,
				1B45CD8C23BDD5FC001EB196 /* ExamplesBaseViewController.swift */,
				1B6D2FD623BD46ED0019CE40 /* Main.storyboard */,
				1B6D2FD923BD46F10019CE40 /* Assets.xcassets */,
				1B6D2FDB23BD46F10019CE40 /* LaunchScreen.storyboard */,
				1B6D2FDE23BD46F10019CE40 /* Info.plist */,
				1B164F3C23D289B400A0869A /* BundleExtensions.swift */,
			);
			path = ExampleApp;
			sourceTree = "<group>";
		};
		1B6D2FE623BD46F20019CE40 /* ExampleAppTests */ = {
			isa = PBXGroup;
			children = (
				1B6D2FE723BD46F20019CE40 /* ExampleAppTests.swift */,
				1B6D2FE923BD46F20019CE40 /* Info.plist */,
			);
			path = ExampleAppTests;
			sourceTree = "<group>";
		};
		1B6D2FF123BD46F20019CE40 /* ExampleAppUITests */ = {
			isa = PBXGroup;
			children = (
				1B6D2FF223BD46F20019CE40 /* ExampleAppUITests.swift */,
				1B6D2FF423BD46F20019CE40 /* Info.plist */,
			);
			path = ExampleAppUITests;
			sourceTree = "<group>";
		};
		1B6DE9DC23C598AB007F9859 /* AdvancedFeatures */ = {
			isa = PBXGroup;
			children = (
				1B6DE9DD23C598F1007F9859 /* CommandsExampleViewController.swift */,
				1B91F4B923C73D96003F9B55 /* TextProcessorExampleViewController.swift */,
			);
			path = AdvancedFeatures;
			sourceTree = "<group>";
		};
		1B6DE9DF23C599D8007F9859 /* Commands */ = {
			isa = PBXGroup;
			children = (
				1BD1BE77289746C900FA8AE4 /* CreateGridViewCommand.swift */,
				1B6DE9E023C59A16007F9859 /* PanelCommand.swift */,
				1B617A9F28388AA700095FEE /* ExpandCommand.swift */,
				1B183D9523CEF33600AE83E5 /* EncodeContentsCommand.swift */,
				1B164F3E23D29BF200A0869A /* ScrollCommand.swift */,
				1B164F4223D2A5A000A0869A /* ResetCommand.swift */,
				1B2DA74C23F0C39B00F7EC52 /* DummyCollabCommand.swift */,
				1B275F352463809200D5C377 /* TextBlockCommand.swift */,
				1B26BD892868325D00E45C16 /* HighlightTextCommand.swift */,
				1BD424022BC4C8DD0046F0C7 /* TableViewCommand.swift */,
			);
			path = Commands;
			sourceTree = "<group>";
		};
		1B872B9D23EE73060070A92A /* Helpers */ = {
			isa = PBXGroup;
			children = (
				1B872B9E23EE73170070A92A /* UIViewExtensions.swift */,
			);
			path = Helpers;
			sourceTree = "<group>";
		};
		1B91F4B423C73CEB003F9B55 /* TextProcessors */ = {
			isa = PBXGroup;
			children = (
				1B91F4B523C73D01003F9B55 /* TypeaheadTextProcessor.swift */,
				1B91F4B723C73D3C003F9B55 /* MarkupTextProcessor.swift */,
			);
			path = TextProcessors;
			sourceTree = "<group>";
		};
		1BFFEEFC23C2D3AE00D2BA35 /* Attachments */ = {
			isa = PBXGroup;
			children = (
				1BFFEEFD23C2D3E500D2BA35 /* MatchContentAttachmentExampleViewController.swift */,
				1BFFEF0623C30B8E00D2BA35 /* FullWidthAttachmentExampleViewController.swift */,
				1BFFEF0D23C3228900D2BA35 /* FixedWidthAttachmentExampleViewController.swift */,
				1BFFEF0F23C32B5A00D2BA35 /* WidthRangeAttachmentExampleViewController.swift */,
				1BFFEF1123C3310A00D2BA35 /* PercentWidthAttachmentExampleViewController.swift */,
				1B65BE5627054BB800BF5C52 /* TableViewExampleViewController.swift */,
			);
			path = Attachments;
			sourceTree = "<group>";
		};
		1BFFEF0123C3048E00D2BA35 /* Frameworks */ = {
			isa = PBXGroup;
			children = (
				1B0EA92B270432C200328468 /* ProtonCore.framework */,
				1B8D81FF243F3221009AD38A /* ProtonExtensions.framework */,
				1BFFEF0223C3048E00D2BA35 /* Proton.framework */,
			);
			name = Frameworks;
			sourceTree = "<group>";
		};
		1BFFEF0823C30C7600D2BA35 /* Views */ = {
			isa = PBXGroup;
			children = (
				1BFFEEFF23C303F100D2BA35 /* AutogrowingTextField.swift */,
				1BFFEF0923C30C9900D2BA35 /* PanelView.swift */,
				1BD993C123CA8FD200563ACB /* PanelAttachment.swift */,
				1B617A9B2838874F00095FEE /* ExpandableView.swift */,
				1B617A9D28388A1900095FEE /* ExpandableViewAttachment.swift */,
				1BD1BE71289745D800FA8AE4 /* GridViewAttachment.swift */,
				1BD423FF2BC4C8560046F0C7 /* TableViewAttachment.swift */,
			);
			path = Views;
			sourceTree = "<group>";
		};
/* End PBXGroup section */

/* Begin PBXNativeTarget section */
		1B6D2FCC23BD46ED0019CE40 /* ExampleApp */ = {
			isa = PBXNativeTarget;
			buildConfigurationList = 1B6D2FF723BD46F20019CE40 /* Build configuration list for PBXNativeTarget "ExampleApp" */;
			buildPhases = (
				1B6D2FC923BD46ED0019CE40 /* Sources */,
				1B6D2FCA23BD46ED0019CE40 /* Frameworks */,
				1B6D2FCB23BD46ED0019CE40 /* Resources */,
				1BB8904123C5A73500F087AE /* Copy Frameworks */,
			);
			buildRules = (
			);
			dependencies = (
			);
			name = ExampleApp;
			productName = ExampleApp;
			productReference = 1B6D2FCD23BD46ED0019CE40 /* ExampleApp.app */;
			productType = "com.apple.product-type.application";
		};
		1B6D2FE223BD46F20019CE40 /* ExampleAppTests */ = {
			isa = PBXNativeTarget;
			buildConfigurationList = 1B6D2FFA23BD46F20019CE40 /* Build configuration list for PBXNativeTarget "ExampleAppTests" */;
			buildPhases = (
				1B6D2FDF23BD46F20019CE40 /* Sources */,
				1B6D2FE023BD46F20019CE40 /* Frameworks */,
				1B6D2FE123BD46F20019CE40 /* Resources */,
			);
			buildRules = (
			);
			dependencies = (
				1B6D2FE523BD46F20019CE40 /* PBXTargetDependency */,
			);
			name = ExampleAppTests;
			productName = ExampleAppTests;
			productReference = 1B6D2FE323BD46F20019CE40 /* ExampleAppTests.xctest */;
			productType = "com.apple.product-type.bundle.unit-test";
		};
		1B6D2FED23BD46F20019CE40 /* ExampleAppUITests */ = {
			isa = PBXNativeTarget;
			buildConfigurationList = 1B6D2FFD23BD46F20019CE40 /* Build configuration list for PBXNativeTarget "ExampleAppUITests" */;
			buildPhases = (
				1B6D2FEA23BD46F20019CE40 /* Sources */,
				1B6D2FEB23BD46F20019CE40 /* Frameworks */,
				1B6D2FEC23BD46F20019CE40 /* Resources */,
			);
			buildRules = (
			);
			dependencies = (
				1B6D2FF023BD46F20019CE40 /* PBXTargetDependency */,
			);
			name = ExampleAppUITests;
			productName = ExampleAppUITests;
			productReference = 1B6D2FEE23BD46F20019CE40 /* ExampleAppUITests.xctest */;
			productType = "com.apple.product-type.bundle.ui-testing";
		};
/* End PBXNativeTarget section */

/* Begin PBXProject section */
		1B6D2FC523BD46ED0019CE40 /* Project object */ = {
			isa = PBXProject;
			attributes = {
				LastSwiftUpdateCheck = 1030;
				LastUpgradeCheck = 1030;
				ORGANIZATIONNAME = "Rajdeep Kwatra";
				TargetAttributes = {
					1B6D2FCC23BD46ED0019CE40 = {
						CreatedOnToolsVersion = 10.3;
					};
					1B6D2FE223BD46F20019CE40 = {
						CreatedOnToolsVersion = 10.3;
						TestTargetID = 1B6D2FCC23BD46ED0019CE40;
					};
					1B6D2FED23BD46F20019CE40 = {
						CreatedOnToolsVersion = 10.3;
						TestTargetID = 1B6D2FCC23BD46ED0019CE40;
					};
				};
			};
			buildConfigurationList = 1B6D2FC823BD46ED0019CE40 /* Build configuration list for PBXProject "ExampleApp" */;
			compatibilityVersion = "Xcode 9.3";
			developmentRegion = en;
			hasScannedForEncodings = 0;
			knownRegions = (
				en,
				Base,
			);
			mainGroup = 1B6D2FC423BD46ED0019CE40;
			productRefGroup = 1B6D2FCE23BD46ED0019CE40 /* Products */;
			projectDirPath = "";
			projectRoot = "";
			targets = (
				1B6D2FCC23BD46ED0019CE40 /* ExampleApp */,
				1B6D2FE223BD46F20019CE40 /* ExampleAppTests */,
				1B6D2FED23BD46F20019CE40 /* ExampleAppUITests */,
			);
		};
/* End PBXProject section */

/* Begin PBXResourcesBuildPhase section */
		1B6D2FCB23BD46ED0019CE40 /* Resources */ = {
			isa = PBXResourcesBuildPhase;
			buildActionMask = 2147483647;
			files = (
				1B6D2FDD23BD46F10019CE40 /* LaunchScreen.storyboard in Resources */,
				1B6D2FDA23BD46F10019CE40 /* Assets.xcassets in Resources */,
				1B164F3B23D286D300A0869A /* SampleDoc.json in Resources */,
				1B6D2FD823BD46ED0019CE40 /* Main.storyboard in Resources */,
			);
			runOnlyForDeploymentPostprocessing = 0;
		};
		1B6D2FE123BD46F20019CE40 /* Resources */ = {
			isa = PBXResourcesBuildPhase;
			buildActionMask = 2147483647;
			files = (
			);
			runOnlyForDeploymentPostprocessing = 0;
		};
		1B6D2FEC23BD46F20019CE40 /* Resources */ = {
			isa = PBXResourcesBuildPhase;
			buildActionMask = 2147483647;
			files = (
			);
			runOnlyForDeploymentPostprocessing = 0;
		};
/* End PBXResourcesBuildPhase section */

/* Begin PBXSourcesBuildPhase section */
		1B6D2FC923BD46ED0019CE40 /* Sources */ = {
			isa = PBXSourcesBuildPhase;
			buildActionMask = 2147483647;
			files = (
				1BD424002BC4C8560046F0C7 /* TableViewAttachment.swift in Sources */,
				1B183DA223CEF7D600AE83E5 /* PanelEncoder.swift in Sources */,
				1B872B9F23EE73170070A92A /* UIViewExtensions.swift in Sources */,
				1B617A9E28388A1900095FEE /* ExpandableViewAttachment.swift in Sources */,
				1B164F3F23D29BF200A0869A /* ScrollCommand.swift in Sources */,
				1BD1BE78289746C900FA8AE4 /* CreateGridViewCommand.swift in Sources */,
				1BFFEF0E23C3228900D2BA35 /* FixedWidthAttachmentExampleViewController.swift in Sources */,
				1B617AA028388AA700095FEE /* ExpandCommand.swift in Sources */,
				1B164F3723D2854400A0869A /* ParagraphStyleDecoder.swift in Sources */,
				1B91F4B623C73D01003F9B55 /* TypeaheadTextProcessor.swift in Sources */,
				1B45CD8D23BDD5FC001EB196 /* ExamplesBaseViewController.swift in Sources */,
				1B91F4BA23C73D96003F9B55 /* TextProcessorExampleViewController.swift in Sources */,
				1B275F362463809200D5C377 /* TextBlockCommand.swift in Sources */,
				1BFFEEFE23C2D3E500D2BA35 /* MatchContentAttachmentExampleViewController.swift in Sources */,
				1B91F4B823C73D3C003F9B55 /* MarkupTextProcessor.swift in Sources */,
				1B164F4323D2A5A000A0869A /* ResetCommand.swift in Sources */,
				1BD424032BC4C8DD0046F0C7 /* TableViewCommand.swift in Sources */,
				1B164F2E23D282A500A0869A /* JSONDecoder.swift in Sources */,
				1B6DE9DE23C598F1007F9859 /* CommandsExampleViewController.swift in Sources */,
				1B6D2FD323BD46ED0019CE40 /* MasterViewController.swift in Sources */,
				1B1C3725244B05F60028E1ED /* MenuExampleViewController.swift in Sources */,
				1B183D9923CEF45000AE83E5 /* JSONEncoder.swift in Sources */,
				1B183DA023CEF73C00AE83E5 /* TextEncoder.swift in Sources */,
				1B26BD8A2868325D00E45C16 /* HighlightTextCommand.swift in Sources */,
				1B6D2FD123BD46ED0019CE40 /* AppDelegate.swift in Sources */,
				1B183D9623CEF33600AE83E5 /* EncodeContentsCommand.swift in Sources */,
				1B183D9C23CEF65300AE83E5 /* ParagraphEncoder.swift in Sources */,
				1BFFEF1223C3310A00D2BA35 /* PercentWidthAttachmentExampleViewController.swift in Sources */,
				1B617A9C2838874F00095FEE /* ExpandableView.swift in Sources */,
				1B164F3323D2849A00A0869A /* AttributesDecoding.swift in Sources */,
				1B183D8423CE8C8500AE83E5 /* RendererCommandExampleViewController.swift in Sources */,
				1B164F2F23D282A500A0869A /* PanelDecoder.swift in Sources */,
				1B183D9E23CEF6F200AE83E5 /* ParagraphStyle+Codables.swift in Sources */,
				1BFFEF1023C32B5A00D2BA35 /* WidthRangeAttachmentExampleViewController.swift in Sources */,
				1B65BE5727054BB800BF5C52 /* TableViewExampleViewController.swift in Sources */,
				1BFFEF0023C303F100D2BA35 /* AutogrowingTextField.swift in Sources */,
				1BFFEF0A23C30C9900D2BA35 /* PanelView.swift in Sources */,
				1B164F3023D282A500A0869A /* TextDecoder.swift in Sources */,
				1B45CD8B23BDD3E9001EB196 /* AutogrowingEditorViewExampleViewController.swift in Sources */,
				1B6DE9E123C59A16007F9859 /* PanelCommand.swift in Sources */,
				1B164F3D23D289B400A0869A /* BundleExtensions.swift in Sources */,
				1B164F3123D282A500A0869A /* ParagraphDecoder.swift in Sources */,
				1B164F3523D2850100A0869A /* UIFontDecoder.swift in Sources */,
				1BD993C223CA8FD200563ACB /* PanelAttachment.swift in Sources */,
				1BD1BE72289745D800FA8AE4 /* GridViewAttachment.swift in Sources */,
				1BFFEF0723C30B8E00D2BA35 /* FullWidthAttachmentExampleViewController.swift in Sources */,
				1B2DA74D23F0C39B00F7EC52 /* DummyCollabCommand.swift in Sources */,
			);
			runOnlyForDeploymentPostprocessing = 0;
		};
		1B6D2FDF23BD46F20019CE40 /* Sources */ = {
			isa = PBXSourcesBuildPhase;
			buildActionMask = 2147483647;
			files = (
				1B6D2FE823BD46F20019CE40 /* ExampleAppTests.swift in Sources */,
			);
			runOnlyForDeploymentPostprocessing = 0;
		};
		1B6D2FEA23BD46F20019CE40 /* Sources */ = {
			isa = PBXSourcesBuildPhase;
			buildActionMask = 2147483647;
			files = (
				1B6D2FF323BD46F20019CE40 /* ExampleAppUITests.swift in Sources */,
			);
			runOnlyForDeploymentPostprocessing = 0;
		};
/* End PBXSourcesBuildPhase section */

/* Begin PBXTargetDependency section */
		1B6D2FE523BD46F20019CE40 /* PBXTargetDependency */ = {
			isa = PBXTargetDependency;
			target = 1B6D2FCC23BD46ED0019CE40 /* ExampleApp */;
			targetProxy = 1B6D2FE423BD46F20019CE40 /* PBXContainerItemProxy */;
		};
		1B6D2FF023BD46F20019CE40 /* PBXTargetDependency */ = {
			isa = PBXTargetDependency;
			target = 1B6D2FCC23BD46ED0019CE40 /* ExampleApp */;
			targetProxy = 1B6D2FEF23BD46F20019CE40 /* PBXContainerItemProxy */;
		};
/* End PBXTargetDependency section */

/* Begin PBXVariantGroup section */
		1B6D2FD623BD46ED0019CE40 /* Main.storyboard */ = {
			isa = PBXVariantGroup;
			children = (
				1B6D2FD723BD46ED0019CE40 /* Base */,
			);
			name = Main.storyboard;
			sourceTree = "<group>";
		};
		1B6D2FDB23BD46F10019CE40 /* LaunchScreen.storyboard */ = {
			isa = PBXVariantGroup;
			children = (
				1B6D2FDC23BD46F10019CE40 /* Base */,
			);
			name = LaunchScreen.storyboard;
			sourceTree = "<group>";
		};
/* End PBXVariantGroup section */

/* Begin XCBuildConfiguration section */
		1B6D2FF523BD46F20019CE40 /* Debug */ = {
			isa = XCBuildConfiguration;
			buildSettings = {
				ALWAYS_SEARCH_USER_PATHS = NO;
				CLANG_ANALYZER_NONNULL = YES;
				CLANG_ANALYZER_NUMBER_OBJECT_CONVERSION = YES_AGGRESSIVE;
				CLANG_CXX_LANGUAGE_STANDARD = "gnu++14";
				CLANG_CXX_LIBRARY = "libc++";
				CLANG_ENABLE_MODULES = YES;
				CLANG_ENABLE_OBJC_ARC = YES;
				CLANG_ENABLE_OBJC_WEAK = YES;
				CLANG_WARN_BLOCK_CAPTURE_AUTORELEASING = YES;
				CLANG_WARN_BOOL_CONVERSION = YES;
				CLANG_WARN_COMMA = YES;
				CLANG_WARN_CONSTANT_CONVERSION = YES;
				CLANG_WARN_DEPRECATED_OBJC_IMPLEMENTATIONS = YES;
				CLANG_WARN_DIRECT_OBJC_ISA_USAGE = YES_ERROR;
				CLANG_WARN_DOCUMENTATION_COMMENTS = YES;
				CLANG_WARN_EMPTY_BODY = YES;
				CLANG_WARN_ENUM_CONVERSION = YES;
				CLANG_WARN_INFINITE_RECURSION = YES;
				CLANG_WARN_INT_CONVERSION = YES;
				CLANG_WARN_NON_LITERAL_NULL_CONVERSION = YES;
				CLANG_WARN_OBJC_IMPLICIT_RETAIN_SELF = YES;
				CLANG_WARN_OBJC_LITERAL_CONVERSION = YES;
				CLANG_WARN_OBJC_ROOT_CLASS = YES_ERROR;
				CLANG_WARN_RANGE_LOOP_ANALYSIS = YES;
				CLANG_WARN_STRICT_PROTOTYPES = YES;
				CLANG_WARN_SUSPICIOUS_MOVE = YES;
				CLANG_WARN_UNGUARDED_AVAILABILITY = YES_AGGRESSIVE;
				CLANG_WARN_UNREACHABLE_CODE = YES;
				CLANG_WARN__DUPLICATE_METHOD_MATCH = YES;
				CODE_SIGN_IDENTITY = "iPhone Developer";
				COPY_PHASE_STRIP = NO;
				DEBUG_INFORMATION_FORMAT = dwarf;
				ENABLE_STRICT_OBJC_MSGSEND = YES;
				ENABLE_TESTABILITY = YES;
				GCC_C_LANGUAGE_STANDARD = gnu11;
				GCC_DYNAMIC_NO_PIC = NO;
				GCC_NO_COMMON_BLOCKS = YES;
				GCC_OPTIMIZATION_LEVEL = 0;
				GCC_PREPROCESSOR_DEFINITIONS = (
					"DEBUG=1",
					"$(inherited)",
				);
				GCC_WARN_64_TO_32_BIT_CONVERSION = YES;
				GCC_WARN_ABOUT_RETURN_TYPE = YES_ERROR;
				GCC_WARN_UNDECLARED_SELECTOR = YES;
				GCC_WARN_UNINITIALIZED_AUTOS = YES_AGGRESSIVE;
				GCC_WARN_UNUSED_FUNCTION = YES;
				GCC_WARN_UNUSED_VARIABLE = YES;
				IPHONEOS_DEPLOYMENT_TARGET = 10.0;
				MTL_ENABLE_DEBUG_INFO = INCLUDE_SOURCE;
				MTL_FAST_MATH = YES;
				ONLY_ACTIVE_ARCH = YES;
				SDKROOT = iphoneos;
				SWIFT_ACTIVE_COMPILATION_CONDITIONS = DEBUG;
				SWIFT_OPTIMIZATION_LEVEL = "-Onone";
			};
			name = Debug;
		};
		1B6D2FF623BD46F20019CE40 /* Release */ = {
			isa = XCBuildConfiguration;
			buildSettings = {
				ALWAYS_SEARCH_USER_PATHS = NO;
				CLANG_ANALYZER_NONNULL = YES;
				CLANG_ANALYZER_NUMBER_OBJECT_CONVERSION = YES_AGGRESSIVE;
				CLANG_CXX_LANGUAGE_STANDARD = "gnu++14";
				CLANG_CXX_LIBRARY = "libc++";
				CLANG_ENABLE_MODULES = YES;
				CLANG_ENABLE_OBJC_ARC = YES;
				CLANG_ENABLE_OBJC_WEAK = YES;
				CLANG_WARN_BLOCK_CAPTURE_AUTORELEASING = YES;
				CLANG_WARN_BOOL_CONVERSION = YES;
				CLANG_WARN_COMMA = YES;
				CLANG_WARN_CONSTANT_CONVERSION = YES;
				CLANG_WARN_DEPRECATED_OBJC_IMPLEMENTATIONS = YES;
				CLANG_WARN_DIRECT_OBJC_ISA_USAGE = YES_ERROR;
				CLANG_WARN_DOCUMENTATION_COMMENTS = YES;
				CLANG_WARN_EMPTY_BODY = YES;
				CLANG_WARN_ENUM_CONVERSION = YES;
				CLANG_WARN_INFINITE_RECURSION = YES;
				CLANG_WARN_INT_CONVERSION = YES;
				CLANG_WARN_NON_LITERAL_NULL_CONVERSION = YES;
				CLANG_WARN_OBJC_IMPLICIT_RETAIN_SELF = YES;
				CLANG_WARN_OBJC_LITERAL_CONVERSION = YES;
				CLANG_WARN_OBJC_ROOT_CLASS = YES_ERROR;
				CLANG_WARN_RANGE_LOOP_ANALYSIS = YES;
				CLANG_WARN_STRICT_PROTOTYPES = YES;
				CLANG_WARN_SUSPICIOUS_MOVE = YES;
				CLANG_WARN_UNGUARDED_AVAILABILITY = YES_AGGRESSIVE;
				CLANG_WARN_UNREACHABLE_CODE = YES;
				CLANG_WARN__DUPLICATE_METHOD_MATCH = YES;
				CODE_SIGN_IDENTITY = "iPhone Developer";
				COPY_PHASE_STRIP = NO;
				DEBUG_INFORMATION_FORMAT = "dwarf-with-dsym";
				ENABLE_NS_ASSERTIONS = NO;
				ENABLE_STRICT_OBJC_MSGSEND = YES;
				GCC_C_LANGUAGE_STANDARD = gnu11;
				GCC_NO_COMMON_BLOCKS = YES;
				GCC_WARN_64_TO_32_BIT_CONVERSION = YES;
				GCC_WARN_ABOUT_RETURN_TYPE = YES_ERROR;
				GCC_WARN_UNDECLARED_SELECTOR = YES;
				GCC_WARN_UNINITIALIZED_AUTOS = YES_AGGRESSIVE;
				GCC_WARN_UNUSED_FUNCTION = YES;
				GCC_WARN_UNUSED_VARIABLE = YES;
				IPHONEOS_DEPLOYMENT_TARGET = 10.0;
				MTL_ENABLE_DEBUG_INFO = NO;
				MTL_FAST_MATH = YES;
				SDKROOT = iphoneos;
				SWIFT_COMPILATION_MODE = wholemodule;
				SWIFT_OPTIMIZATION_LEVEL = "-O";
				VALIDATE_PRODUCT = YES;
			};
			name = Release;
		};
		1B6D2FF823BD46F20019CE40 /* Debug */ = {
			isa = XCBuildConfiguration;
			buildSettings = {
				ASSETCATALOG_COMPILER_APPICON_NAME = AppIcon;
				CODE_SIGN_ENTITLEMENTS = ExampleApp/ExampleApp.entitlements;
				"CODE_SIGN_IDENTITY[sdk=macosx*]" = "-";
				CODE_SIGN_STYLE = Automatic;
				DERIVE_MACCATALYST_PRODUCT_BUNDLE_IDENTIFIER = YES;
				DEVELOPMENT_TEAM = 5ET5H5LLAF;
				INFOPLIST_FILE = ExampleApp/Info.plist;
				IPHONEOS_DEPLOYMENT_TARGET = 14.0;
				LD_RUNPATH_SEARCH_PATHS = (
					"$(inherited)",
					"@executable_path/Frameworks",
				);
				MARKETING_VERSION = 0.1.0;
				PRODUCT_BUNDLE_IDENTIFIER = com.raj.proton.ExampleApp4;
				PRODUCT_NAME = "$(TARGET_NAME)";
				SUPPORTS_MACCATALYST = YES;
				SWIFT_VERSION = 5.0;
				TARGETED_DEVICE_FAMILY = "1,2";
			};
			name = Debug;
		};
		1B6D2FF923BD46F20019CE40 /* Release */ = {
			isa = XCBuildConfiguration;
			buildSettings = {
				ASSETCATALOG_COMPILER_APPICON_NAME = AppIcon;
				CODE_SIGN_ENTITLEMENTS = ExampleApp/ExampleApp.entitlements;
				"CODE_SIGN_IDENTITY[sdk=macosx*]" = "-";
				CODE_SIGN_STYLE = Automatic;
				DERIVE_MACCATALYST_PRODUCT_BUNDLE_IDENTIFIER = YES;
				DEVELOPMENT_TEAM = 5ET5H5LLAF;
				INFOPLIST_FILE = ExampleApp/Info.plist;
				IPHONEOS_DEPLOYMENT_TARGET = 14.0;
				LD_RUNPATH_SEARCH_PATHS = (
					"$(inherited)",
					"@executable_path/Frameworks",
				);
				MARKETING_VERSION = 0.1.0;
				PRODUCT_BUNDLE_IDENTIFIER = com.proton.ExampleApp;
				PRODUCT_NAME = "$(TARGET_NAME)";
				SUPPORTS_MACCATALYST = YES;
				SWIFT_VERSION = 5.0;
				TARGETED_DEVICE_FAMILY = "1,2";
			};
			name = Release;
		};
		1B6D2FFB23BD46F20019CE40 /* Debug */ = {
			isa = XCBuildConfiguration;
			buildSettings = {
				ALWAYS_EMBED_SWIFT_STANDARD_LIBRARIES = YES;
				BUNDLE_LOADER = "$(TEST_HOST)";
				CODE_SIGN_STYLE = Automatic;
				INFOPLIST_FILE = ExampleAppTests/Info.plist;
				LD_RUNPATH_SEARCH_PATHS = (
					"$(inherited)",
					"@executable_path/Frameworks",
					"@loader_path/Frameworks",
				);
				PRODUCT_BUNDLE_IDENTIFIER = com.proton.ExampleAppTests;
				PRODUCT_NAME = "$(TARGET_NAME)";
				SWIFT_VERSION = 5.0;
				TARGETED_DEVICE_FAMILY = "1,2";
				TEST_HOST = "$(BUILT_PRODUCTS_DIR)/ExampleApp.app/ExampleApp";
			};
			name = Debug;
		};
		1B6D2FFC23BD46F20019CE40 /* Release */ = {
			isa = XCBuildConfiguration;
			buildSettings = {
				ALWAYS_EMBED_SWIFT_STANDARD_LIBRARIES = YES;
				BUNDLE_LOADER = "$(TEST_HOST)";
				CODE_SIGN_STYLE = Automatic;
				INFOPLIST_FILE = ExampleAppTests/Info.plist;
				LD_RUNPATH_SEARCH_PATHS = (
					"$(inherited)",
					"@executable_path/Frameworks",
					"@loader_path/Frameworks",
				);
				PRODUCT_BUNDLE_IDENTIFIER = com.proton.ExampleAppTests;
				PRODUCT_NAME = "$(TARGET_NAME)";
				SWIFT_VERSION = 5.0;
				TARGETED_DEVICE_FAMILY = "1,2";
				TEST_HOST = "$(BUILT_PRODUCTS_DIR)/ExampleApp.app/ExampleApp";
			};
			name = Release;
		};
		1B6D2FFE23BD46F20019CE40 /* Debug */ = {
			isa = XCBuildConfiguration;
			buildSettings = {
				ALWAYS_EMBED_SWIFT_STANDARD_LIBRARIES = YES;
				CODE_SIGN_STYLE = Automatic;
				INFOPLIST_FILE = ExampleAppUITests/Info.plist;
				LD_RUNPATH_SEARCH_PATHS = (
					"$(inherited)",
					"@executable_path/Frameworks",
					"@loader_path/Frameworks",
				);
				PRODUCT_BUNDLE_IDENTIFIER = com.proton.ExampleAppUITests;
				PRODUCT_NAME = "$(TARGET_NAME)";
				SWIFT_VERSION = 5.0;
				TARGETED_DEVICE_FAMILY = "1,2";
				TEST_TARGET_NAME = ExampleApp;
			};
			name = Debug;
		};
		1B6D2FFF23BD46F20019CE40 /* Release */ = {
			isa = XCBuildConfiguration;
			buildSettings = {
				ALWAYS_EMBED_SWIFT_STANDARD_LIBRARIES = YES;
				CODE_SIGN_STYLE = Automatic;
				INFOPLIST_FILE = ExampleAppUITests/Info.plist;
				LD_RUNPATH_SEARCH_PATHS = (
					"$(inherited)",
					"@executable_path/Frameworks",
					"@loader_path/Frameworks",
				);
				PRODUCT_BUNDLE_IDENTIFIER = com.proton.ExampleAppUITests;
				PRODUCT_NAME = "$(TARGET_NAME)";
				SWIFT_VERSION = 5.0;
				TARGETED_DEVICE_FAMILY = "1,2";
				TEST_TARGET_NAME = ExampleApp;
			};
			name = Release;
		};
/* End XCBuildConfiguration section */

/* Begin XCConfigurationList section */
		1B6D2FC823BD46ED0019CE40 /* Build configuration list for PBXProject "ExampleApp" */ = {
			isa = XCConfigurationList;
			buildConfigurations = (
				1B6D2FF523BD46F20019CE40 /* Debug */,
				1B6D2FF623BD46F20019CE40 /* Release */,
			);
			defaultConfigurationIsVisible = 0;
			defaultConfigurationName = Release;
		};
		1B6D2FF723BD46F20019CE40 /* Build configuration list for PBXNativeTarget "ExampleApp" */ = {
			isa = XCConfigurationList;
			buildConfigurations = (
				1B6D2FF823BD46F20019CE40 /* Debug */,
				1B6D2FF923BD46F20019CE40 /* Release */,
			);
			defaultConfigurationIsVisible = 0;
			defaultConfigurationName = Release;
		};
		1B6D2FFA23BD46F20019CE40 /* Build configuration list for PBXNativeTarget "ExampleAppTests" */ = {
			isa = XCConfigurationList;
			buildConfigurations = (
				1B6D2FFB23BD46F20019CE40 /* Debug */,
				1B6D2FFC23BD46F20019CE40 /* Release */,
			);
			defaultConfigurationIsVisible = 0;
			defaultConfigurationName = Release;
		};
		1B6D2FFD23BD46F20019CE40 /* Build configuration list for PBXNativeTarget "ExampleAppUITests" */ = {
			isa = XCConfigurationList;
			buildConfigurations = (
				1B6D2FFE23BD46F20019CE40 /* Debug */,
				1B6D2FFF23BD46F20019CE40 /* Release */,
			);
			defaultConfigurationIsVisible = 0;
			defaultConfigurationName = Release;
		};
/* End XCConfigurationList section */
	};
	rootObject = 1B6D2FC523BD46ED0019CE40 /* Project object */;
}
